<?xml version="1.0" encoding="UTF-8"?>
<!DOCTYPE plist PUBLIC "-//Apple//DTD PLIST 1.0//EN" "http://www.apple.com/DTDs/PropertyList-1.0.dtd">
<plist version="1.0">
<dict>
	<key>archiveVersion</key>
	<string>1</string>
	<key>classes</key>
	<dict/>
	<key>objectVersion</key>
	<string>46</string>
	<key>objects</key>
	<dict>
		<key>106ACE2A727900C86756AD70</key>
		<dict>
			<key>includeInIndex</key>
			<string>1</string>
			<key>isa</key>
			<string>PBXFileReference</string>
			<key>lastKnownFileType</key>
			<string>text.xcconfig</string>
			<key>name</key>
			<string>Pods-AppTemplateTests.release.xcconfig</string>
			<key>path</key>
			<string>Pods/Target Support Files/Pods-AppTemplateTests/Pods-AppTemplateTests.release.xcconfig</string>
			<key>sourceTree</key>
			<string>&lt;group&gt;</string>
		</dict>
		<key>1C4C7C0F1971EA53E56B0733</key>
		<dict>
			<key>buildActionMask</key>
			<string>2147483647</string>
			<key>files</key>
			<array/>
			<key>inputPaths</key>
			<array/>
			<key>isa</key>
			<string>PBXShellScriptBuildPhase</string>
			<key>name</key>
			<string>[CP] Copy Pods Resources</string>
			<key>outputPaths</key>
			<array/>
			<key>runOnlyForDeploymentPostprocessing</key>
			<string>0</string>
			<key>shellPath</key>
			<string>/bin/sh</string>
			<key>shellScript</key>
			<string>"${SRCROOT}/Pods/Target Support Files/Pods-AppTemplateTests/Pods-AppTemplateTests-resources.sh"
</string>
			<key>showEnvVarsInLog</key>
			<string>0</string>
		</dict>
		<key>1C614010AD66261DCA3E5679</key>
		<dict>
			<key>includeInIndex</key>
			<string>1</string>
			<key>isa</key>
			<string>PBXFileReference</string>
			<key>lastKnownFileType</key>
			<string>text.xcconfig</string>
			<key>name</key>
			<string>Pods-AppTemplateTests.debug.xcconfig</string>
			<key>path</key>
			<string>Pods/Target Support Files/Pods-AppTemplateTests/Pods-AppTemplateTests.debug.xcconfig</string>
			<key>sourceTree</key>
			<string>&lt;group&gt;</string>
		</dict>
		<key>326FBDE6F0D9FCD2D4D4E83F</key>
		<dict>
			<key>includeInIndex</key>
			<string>1</string>
			<key>isa</key>
			<string>PBXFileReference</string>
			<key>lastKnownFileType</key>
			<string>text.xcconfig</string>
			<key>name</key>
			<string>Pods-AppTemplate.debug.xcconfig</string>
			<key>path</key>
			<string>Pods/Target Support Files/Pods-AppTemplate/Pods-AppTemplate.debug.xcconfig</string>
			<key>sourceTree</key>
			<string>&lt;group&gt;</string>
		</dict>
		<key>491A8D7C8B1C114D59A5BDD5</key>
		<dict>
			<key>buildActionMask</key>
			<string>2147483647</string>
			<key>files</key>
			<array/>
			<key>inputPaths</key>
			<array/>
			<key>isa</key>
			<string>PBXShellScriptBuildPhase</string>
			<key>name</key>
			<string>[CP] Check Pods Manifest.lock</string>
			<key>outputPaths</key>
			<array/>
			<key>runOnlyForDeploymentPostprocessing</key>
			<string>0</string>
			<key>shellPath</key>
			<string>/bin/sh</string>
			<key>shellScript</key>
			<string>diff "${PODS_ROOT}/../Podfile.lock" "${PODS_ROOT}/Manifest.lock" &gt; /dev/null
if [[ $? != 0 ]] ; then
    cat &lt;&lt; EOM
error: The sandbox is not in sync with the Podfile.lock. Run 'pod install' or update your CocoaPods installation.
EOM
    exit 1
fi
</string>
			<key>showEnvVarsInLog</key>
			<string>0</string>
		</dict>
		<key>4941E7499295362E5205E783</key>
		<dict>
			<key>explicitFileType</key>
			<string>archive.ar</string>
			<key>includeInIndex</key>
			<string>0</string>
			<key>isa</key>
			<string>PBXFileReference</string>
			<key>path</key>
			<string>libPods-AppTemplateUITests.a</string>
			<key>sourceTree</key>
			<string>BUILT_PRODUCTS_DIR</string>
		</dict>
		<key>4D8A317DABCFDDAC5D8441AB</key>
		<dict>
			<key>explicitFileType</key>
			<string>archive.ar</string>
			<key>includeInIndex</key>
			<string>0</string>
			<key>isa</key>
			<string>PBXFileReference</string>
			<key>path</key>
			<string>libPods-AppTemplate.a</string>
			<key>sourceTree</key>
			<string>BUILT_PRODUCTS_DIR</string>
		</dict>
		<key>52EE46CF075FE7B30045567C</key>
		<dict>
			<key>includeInIndex</key>
			<string>1</string>
			<key>isa</key>
			<string>PBXFileReference</string>
			<key>lastKnownFileType</key>
			<string>text.xcconfig</string>
			<key>name</key>
			<string>Pods-AppTemplate.release.xcconfig</string>
			<key>path</key>
			<string>Pods/Target Support Files/Pods-AppTemplate/Pods-AppTemplate.release.xcconfig</string>
			<key>sourceTree</key>
			<string>&lt;group&gt;</string>
		</dict>
		<key>5A463D7A7378F14BA4CD2929</key>
		<dict>
			<key>buildActionMask</key>
			<string>2147483647</string>
			<key>files</key>
			<array/>
			<key>inputPaths</key>
			<array/>
			<key>isa</key>
			<string>PBXShellScriptBuildPhase</string>
			<key>name</key>
			<string>[CP] Check Pods Manifest.lock</string>
			<key>outputPaths</key>
			<array/>
			<key>runOnlyForDeploymentPostprocessing</key>
			<string>0</string>
			<key>shellPath</key>
			<string>/bin/sh</string>
			<key>shellScript</key>
			<string>diff "${PODS_ROOT}/../Podfile.lock" "${PODS_ROOT}/Manifest.lock" &gt; /dev/null
if [[ $? != 0 ]] ; then
    cat &lt;&lt; EOM
error: The sandbox is not in sync with the Podfile.lock. Run 'pod install' or update your CocoaPods installation.
EOM
    exit 1
fi
</string>
			<key>showEnvVarsInLog</key>
			<string>0</string>
		</dict>
		<key>7281C2F3489597CCB622F211</key>
		<dict>
			<key>fileRef</key>
			<string>BEBB9EF5D703DDD5136FF3CE</string>
			<key>isa</key>
			<string>PBXBuildFile</string>
		</dict>
		<key>72C309051E7F034600165EED</key>
		<dict>
			<key>fileEncoding</key>
			<string>4</string>
			<key>isa</key>
			<string>PBXFileReference</string>
			<key>lastKnownFileType</key>
			<string>sourcecode.c.h</string>
			<key>path</key>
			<string>Common.h</string>
			<key>sourceTree</key>
			<string>&lt;group&gt;</string>
		</dict>
		<key>72E858091E7EC735001EBB8B</key>
		<dict>
			<key>children</key>
			<array>
				<string>72E858141E7EC735001EBB8B</string>
				<string>72E8582E1E7EC735001EBB8B</string>
				<string>72E858391E7EC735001EBB8B</string>
				<string>72E858131E7EC735001EBB8B</string>
				<string>D457AFD52E42B25C0FA0D391</string>
				<string>CA55440556BBB11F27B88A86</string>
			</array>
			<key>isa</key>
			<string>PBXGroup</string>
			<key>sourceTree</key>
			<string>&lt;group&gt;</string>
		</dict>
		<key>72E8580A1E7EC735001EBB8B</key>
		<dict>
			<key>attributes</key>
			<dict>
				<key>LastUpgradeCheck</key>
				<string>0820</string>
				<key>ORGANIZATIONNAME</key>
				<string>MonsterTechStudio</string>
				<key>TargetAttributes</key>
				<dict>
					<key>72E858111E7EC735001EBB8B</key>
					<dict>
						<key>CreatedOnToolsVersion</key>
						<string>8.2.1</string>
						<key>DevelopmentTeam</key>
						<string>TSXDWSWUUR</string>
						<key>ProvisioningStyle</key>
						<string>Automatic</string>
					</dict>
					<key>72E8582A1E7EC735001EBB8B</key>
					<dict>
						<key>CreatedOnToolsVersion</key>
						<string>8.2.1</string>
						<key>DevelopmentTeam</key>
						<string>TSXDWSWUUR</string>
						<key>ProvisioningStyle</key>
						<string>Automatic</string>
						<key>TestTargetID</key>
						<string>72E858111E7EC735001EBB8B</string>
					</dict>
					<key>72E858351E7EC735001EBB8B</key>
					<dict>
						<key>CreatedOnToolsVersion</key>
						<string>8.2.1</string>
						<key>DevelopmentTeam</key>
						<string>TSXDWSWUUR</string>
						<key>ProvisioningStyle</key>
						<string>Automatic</string>
						<key>TestTargetID</key>
						<string>72E858111E7EC735001EBB8B</string>
					</dict>
				</dict>
			</dict>
			<key>buildConfigurationList</key>
			<string>72E8580D1E7EC735001EBB8B</string>
			<key>compatibilityVersion</key>
			<string>Xcode 3.2</string>
			<key>developmentRegion</key>
			<string>English</string>
			<key>hasScannedForEncodings</key>
			<string>0</string>
			<key>isa</key>
			<string>PBXProject</string>
			<key>knownRegions</key>
			<array>
				<string>en</string>
				<string>Base</string>
			</array>
			<key>mainGroup</key>
			<string>72E858091E7EC735001EBB8B</string>
			<key>productRefGroup</key>
			<string>72E858131E7EC735001EBB8B</string>
			<key>projectDirPath</key>
			<string></string>
			<key>projectReferences</key>
			<array/>
			<key>projectRoot</key>
			<string></string>
			<key>targets</key>
			<array>
				<string>72E858111E7EC735001EBB8B</string>
				<string>72E8582A1E7EC735001EBB8B</string>
				<string>72E858351E7EC735001EBB8B</string>
			</array>
		</dict>
		<key>72E8580D1E7EC735001EBB8B</key>
		<dict>
			<key>buildConfigurations</key>
			<array>
				<string>72E8583D1E7EC735001EBB8B</string>
				<string>72E8583E1E7EC735001EBB8B</string>
			</array>
			<key>defaultConfigurationIsVisible</key>
			<string>0</string>
			<key>defaultConfigurationName</key>
			<string>Release</string>
			<key>isa</key>
			<string>XCConfigurationList</string>
		</dict>
		<key>72E8580E1E7EC735001EBB8B</key>
		<dict>
			<key>buildActionMask</key>
			<string>2147483647</string>
			<key>files</key>
			<array>
				<string>8D4115DD1F5909E000069FD9</string>
				<string>8D4115C71F5905B500069FD9</string>
				<string>8D4115A31F59047C00069FD9</string>
				<string>72E8581A1E7EC735001EBB8B</string>
				<string>8D4115A61F59047C00069FD9</string>
				<string>8D8F9F971F5D06A000D07450</string>
				<string>8D4115AE1F59047C00069FD9</string>
				<string>8D4115E01F5931A500069FD9</string>
				<string>8D4115AB1F59047C00069FD9</string>
				<string>8D4115A91F59047C00069FD9</string>
				<string>8D4115A81F59047C00069FD9</string>
				<string>8D4115A51F59047C00069FD9</string>
				<string>8D4115A21F59047C00069FD9</string>
				<string>72E858171E7EC735001EBB8B</string>
				<string>8D4115C41F5905B500069FD9</string>
				<string>8D4115AD1F59047C00069FD9</string>
				<string>8D4115A41F59047C00069FD9</string>
				<string>8D8F9F991F5D06A000D07450</string>
				<string>8D4115C51F5905B500069FD9</string>
				<string>8D4115A71F59047C00069FD9</string>
				<string>8D4115AC1F59047C00069FD9</string>
				<string>8D8F9F961F5D06A000D07450</string>
				<string>8D4115A11F59047C00069FD9</string>
				<string>8D4115C21F5905B500069FD9</string>
				<string>8D4115C91F5905B500069FD9</string>
				<string>8D4115D21F5905BD00069FD9</string>
				<string>8DD693F71F5CE8E2000996B8</string>
				<string>8D4115AA1F59047C00069FD9</string>
				<string>8D8F9F9A1F5D06A000D07450</string>
				<string>8D4115D41F5905BD00069FD9</string>
				<string>8D4115E31F59324A00069FD9</string>
			</array>
			<key>isa</key>
			<string>PBXSourcesBuildPhase</string>
			<key>runOnlyForDeploymentPostprocessing</key>
			<string>0</string>
		</dict>
		<key>72E8580F1E7EC735001EBB8B</key>
		<dict>
			<key>buildActionMask</key>
			<string>2147483647</string>
			<key>files</key>
			<array>
				<string>8D8F9F9C1F5D06E400D07450</string>
				<string>8D4115EF1F59579E00069FD9</string>
				<string>7D10EA9835D37BC95810846F</string>
			</array>
			<key>isa</key>
			<string>PBXFrameworksBuildPhase</string>
			<key>runOnlyForDeploymentPostprocessing</key>
			<string>0</string>
		</dict>
		<key>72E858101E7EC735001EBB8B</key>
		<dict>
			<key>buildActionMask</key>
			<string>2147483647</string>
			<key>files</key>
			<array>
				<string>8D4115C61F5905B500069FD9</string>
				<string>8D4115CA1F5905B500069FD9</string>
				<string>8D4115D31F5905BD00069FD9</string>
				<string>72E858251E7EC735001EBB8B</string>
				<string>8D4115C31F5905B500069FD9</string>
				<string>8D8F9F981F5D06A000D07450</string>
				<string>8D4115D51F5905BD00069FD9</string>
				<string>72E858221E7EC735001EBB8B</string>
				<string>8D4115C81F5905B500069FD9</string>
				<string>72E858201E7EC735001EBB8B</string>
			</array>
			<key>isa</key>
			<string>PBXResourcesBuildPhase</string>
			<key>runOnlyForDeploymentPostprocessing</key>
			<string>0</string>
		</dict>
		<key>72E858111E7EC735001EBB8B</key>
		<dict>
			<key>buildConfigurationList</key>
			<string>72E8583F1E7EC735001EBB8B</string>
			<key>buildPhases</key>
			<array>
				<string>491A8D7C8B1C114D59A5BDD5</string>
				<string>72E8580E1E7EC735001EBB8B</string>
				<string>72E8580F1E7EC735001EBB8B</string>
				<string>72E858101E7EC735001EBB8B</string>
				<string>B0FFA25ABEE2B1367C412E9C</string>
				<string>A1394EE79E46C92065F6EAEA</string>
			</array>
			<key>buildRules</key>
			<array/>
			<key>dependencies</key>
			<array/>
			<key>isa</key>
			<string>PBXNativeTarget</string>
			<key>name</key>
			<string>AppTemplate</string>
			<key>productName</key>
			<string>AppTemplate</string>
			<key>productReference</key>
			<string>72E858121E7EC735001EBB8B</string>
			<key>productType</key>
			<string>com.apple.product-type.application</string>
		</dict>
		<key>72E858121E7EC735001EBB8B</key>
		<dict>
			<key>explicitFileType</key>
			<string>wrapper.application</string>
			<key>includeInIndex</key>
			<string>0</string>
			<key>isa</key>
			<string>PBXFileReference</string>
			<key>path</key>
			<string>AppTemplate.app</string>
			<key>sourceTree</key>
			<string>BUILT_PRODUCTS_DIR</string>
		</dict>
		<key>72E858131E7EC735001EBB8B</key>
		<dict>
			<key>children</key>
			<array>
				<string>72E858121E7EC735001EBB8B</string>
				<string>72E8582B1E7EC735001EBB8B</string>
				<string>72E858361E7EC735001EBB8B</string>
			</array>
			<key>isa</key>
			<string>PBXGroup</string>
			<key>name</key>
			<string>Products</string>
			<key>sourceTree</key>
			<string>&lt;group&gt;</string>
		</dict>
		<key>72E858141E7EC735001EBB8B</key>
		<dict>
			<key>children</key>
			<array>
				<string>72C309051E7F034600165EED</string>
				<string>72E858181E7EC735001EBB8B</string>
				<string>72E858191E7EC735001EBB8B</string>
				<string>8D4115DA1F59097E00069FD9</string>
				<string>8D4115D61F5905C900069FD9</string>
				<string>8D4115CB1F5905BD00069FD9</string>
				<string>8D4115AF1F5905B500069FD9</string>
				<string>8D41157A1F59047C00069FD9</string>
				<string>72E858211E7EC735001EBB8B</string>
				<string>72E858151E7EC735001EBB8B</string>
			</array>
			<key>isa</key>
			<string>PBXGroup</string>
			<key>path</key>
			<string>AppTemplate</string>
			<key>sourceTree</key>
			<string>&lt;group&gt;</string>
		</dict>
		<key>72E858151E7EC735001EBB8B</key>
		<dict>
			<key>children</key>
			<array>
				<string>72E858231E7EC735001EBB8B</string>
				<string>72E8581E1E7EC735001EBB8B</string>
				<string>72E858261E7EC735001EBB8B</string>
				<string>72E858161E7EC735001EBB8B</string>
			</array>
			<key>isa</key>
			<string>PBXGroup</string>
			<key>name</key>
			<string>Supporting Files</string>
			<key>sourceTree</key>
			<string>&lt;group&gt;</string>
		</dict>
		<key>72E858161E7EC735001EBB8B</key>
		<dict>
			<key>isa</key>
			<string>PBXFileReference</string>
			<key>lastKnownFileType</key>
			<string>sourcecode.c.objc</string>
			<key>path</key>
			<string>main.m</string>
			<key>sourceTree</key>
			<string>&lt;group&gt;</string>
		</dict>
		<key>72E858171E7EC735001EBB8B</key>
		<dict>
			<key>fileRef</key>
			<string>72E858161E7EC735001EBB8B</string>
			<key>isa</key>
			<string>PBXBuildFile</string>
		</dict>
		<key>72E858181E7EC735001EBB8B</key>
		<dict>
			<key>isa</key>
			<string>PBXFileReference</string>
			<key>lastKnownFileType</key>
			<string>sourcecode.c.h</string>
			<key>path</key>
			<string>AppDelegate.h</string>
			<key>sourceTree</key>
			<string>&lt;group&gt;</string>
		</dict>
		<key>72E858191E7EC735001EBB8B</key>
		<dict>
			<key>isa</key>
			<string>PBXFileReference</string>
			<key>lastKnownFileType</key>
			<string>sourcecode.c.objc</string>
			<key>path</key>
			<string>AppDelegate.m</string>
			<key>sourceTree</key>
			<string>&lt;group&gt;</string>
		</dict>
		<key>72E8581A1E7EC735001EBB8B</key>
		<dict>
			<key>fileRef</key>
			<string>72E858191E7EC735001EBB8B</string>
			<key>isa</key>
			<string>PBXBuildFile</string>
		</dict>
		<key>72E8581E1E7EC735001EBB8B</key>
		<dict>
			<key>children</key>
			<array>
				<string>72E8581F1E7EC735001EBB8B</string>
			</array>
			<key>isa</key>
			<string>PBXVariantGroup</string>
			<key>name</key>
			<string>Main.storyboard</string>
			<key>sourceTree</key>
			<string>&lt;group&gt;</string>
		</dict>
		<key>72E8581F1E7EC735001EBB8B</key>
		<dict>
			<key>isa</key>
			<string>PBXFileReference</string>
			<key>lastKnownFileType</key>
			<string>file.storyboard</string>
			<key>name</key>
			<string>Base</string>
			<key>path</key>
			<string>Base.lproj/Main.storyboard</string>
			<key>sourceTree</key>
			<string>&lt;group&gt;</string>
		</dict>
		<key>72E858201E7EC735001EBB8B</key>
		<dict>
			<key>fileRef</key>
			<string>72E8581E1E7EC735001EBB8B</string>
			<key>isa</key>
			<string>PBXBuildFile</string>
		</dict>
		<key>72E858211E7EC735001EBB8B</key>
		<dict>
			<key>isa</key>
			<string>PBXFileReference</string>
			<key>lastKnownFileType</key>
			<string>folder.assetcatalog</string>
			<key>path</key>
			<string>Assets.xcassets</string>
			<key>sourceTree</key>
			<string>&lt;group&gt;</string>
		</dict>
		<key>72E858221E7EC735001EBB8B</key>
		<dict>
			<key>fileRef</key>
			<string>72E858211E7EC735001EBB8B</string>
			<key>isa</key>
			<string>PBXBuildFile</string>
		</dict>
		<key>72E858231E7EC735001EBB8B</key>
		<dict>
			<key>children</key>
			<array>
				<string>72E858241E7EC735001EBB8B</string>
			</array>
			<key>isa</key>
			<string>PBXVariantGroup</string>
			<key>name</key>
			<string>LaunchScreen.storyboard</string>
			<key>sourceTree</key>
			<string>&lt;group&gt;</string>
		</dict>
		<key>72E858241E7EC735001EBB8B</key>
		<dict>
			<key>isa</key>
			<string>PBXFileReference</string>
			<key>lastKnownFileType</key>
			<string>file.storyboard</string>
			<key>name</key>
			<string>Base</string>
			<key>path</key>
			<string>Base.lproj/LaunchScreen.storyboard</string>
			<key>sourceTree</key>
			<string>&lt;group&gt;</string>
		</dict>
		<key>72E858251E7EC735001EBB8B</key>
		<dict>
			<key>fileRef</key>
			<string>72E858231E7EC735001EBB8B</string>
			<key>isa</key>
			<string>PBXBuildFile</string>
		</dict>
		<key>72E858261E7EC735001EBB8B</key>
		<dict>
			<key>isa</key>
			<string>PBXFileReference</string>
			<key>lastKnownFileType</key>
			<string>text.plist.xml</string>
			<key>path</key>
			<string>Info.plist</string>
			<key>sourceTree</key>
			<string>&lt;group&gt;</string>
		</dict>
		<key>72E858271E7EC735001EBB8B</key>
		<dict>
			<key>buildActionMask</key>
			<string>2147483647</string>
			<key>files</key>
			<array>
				<string>72E858301E7EC735001EBB8B</string>
			</array>
			<key>isa</key>
			<string>PBXSourcesBuildPhase</string>
			<key>runOnlyForDeploymentPostprocessing</key>
			<string>0</string>
		</dict>
		<key>72E858281E7EC735001EBB8B</key>
		<dict>
			<key>buildActionMask</key>
			<string>2147483647</string>
			<key>files</key>
			<array>
				<string>7281C2F3489597CCB622F211</string>
			</array>
			<key>isa</key>
			<string>PBXFrameworksBuildPhase</string>
			<key>runOnlyForDeploymentPostprocessing</key>
			<string>0</string>
		</dict>
		<key>72E858291E7EC735001EBB8B</key>
		<dict>
			<key>buildActionMask</key>
			<string>2147483647</string>
			<key>files</key>
			<array/>
			<key>isa</key>
			<string>PBXResourcesBuildPhase</string>
			<key>runOnlyForDeploymentPostprocessing</key>
			<string>0</string>
		</dict>
		<key>72E8582A1E7EC735001EBB8B</key>
		<dict>
			<key>buildConfigurationList</key>
			<string>72E858421E7EC735001EBB8B</string>
			<key>buildPhases</key>
			<array>
				<string>5A463D7A7378F14BA4CD2929</string>
				<string>72E858271E7EC735001EBB8B</string>
				<string>72E858281E7EC735001EBB8B</string>
				<string>72E858291E7EC735001EBB8B</string>
				<string>F5F2169F50C358AE8BE9087D</string>
				<string>1C4C7C0F1971EA53E56B0733</string>
			</array>
			<key>buildRules</key>
			<array/>
			<key>dependencies</key>
			<array>
				<string>72E8582D1E7EC735001EBB8B</string>
			</array>
			<key>isa</key>
			<string>PBXNativeTarget</string>
			<key>name</key>
			<string>AppTemplateTests</string>
			<key>productName</key>
			<string>AppTemplateTests</string>
			<key>productReference</key>
			<string>72E8582B1E7EC735001EBB8B</string>
			<key>productType</key>
			<string>com.apple.product-type.bundle.unit-test</string>
		</dict>
		<key>72E8582B1E7EC735001EBB8B</key>
		<dict>
			<key>explicitFileType</key>
			<string>wrapper.cfbundle</string>
			<key>includeInIndex</key>
			<string>0</string>
			<key>isa</key>
			<string>PBXFileReference</string>
			<key>path</key>
			<string>AppTemplateTests.xctest</string>
			<key>sourceTree</key>
			<string>BUILT_PRODUCTS_DIR</string>
		</dict>
		<key>72E8582C1E7EC735001EBB8B</key>
		<dict>
			<key>containerPortal</key>
			<string>72E8580A1E7EC735001EBB8B</string>
			<key>isa</key>
			<string>PBXContainerItemProxy</string>
			<key>proxyType</key>
			<string>1</string>
			<key>remoteGlobalIDString</key>
			<string>72E858111E7EC735001EBB8B</string>
			<key>remoteInfo</key>
			<string>AppTemplate</string>
		</dict>
		<key>72E8582D1E7EC735001EBB8B</key>
		<dict>
			<key>isa</key>
			<string>PBXTargetDependency</string>
			<key>target</key>
			<string>72E858111E7EC735001EBB8B</string>
			<key>targetProxy</key>
			<string>72E8582C1E7EC735001EBB8B</string>
		</dict>
		<key>72E8582E1E7EC735001EBB8B</key>
		<dict>
			<key>children</key>
			<array>
				<string>72E8582F1E7EC735001EBB8B</string>
				<string>72E858311E7EC735001EBB8B</string>
			</array>
			<key>isa</key>
			<string>PBXGroup</string>
			<key>path</key>
			<string>AppTemplateTests</string>
			<key>sourceTree</key>
			<string>&lt;group&gt;</string>
		</dict>
		<key>72E8582F1E7EC735001EBB8B</key>
		<dict>
			<key>isa</key>
			<string>PBXFileReference</string>
			<key>lastKnownFileType</key>
			<string>sourcecode.c.objc</string>
			<key>path</key>
			<string>AppTemplateTests.m</string>
			<key>sourceTree</key>
			<string>&lt;group&gt;</string>
		</dict>
		<key>72E858301E7EC735001EBB8B</key>
		<dict>
			<key>fileRef</key>
			<string>72E8582F1E7EC735001EBB8B</string>
			<key>isa</key>
			<string>PBXBuildFile</string>
		</dict>
		<key>72E858311E7EC735001EBB8B</key>
		<dict>
			<key>isa</key>
			<string>PBXFileReference</string>
			<key>lastKnownFileType</key>
			<string>text.plist.xml</string>
			<key>path</key>
			<string>Info.plist</string>
			<key>sourceTree</key>
			<string>&lt;group&gt;</string>
		</dict>
		<key>72E858321E7EC735001EBB8B</key>
		<dict>
			<key>buildActionMask</key>
			<string>2147483647</string>
			<key>files</key>
			<array>
				<string>72E8583B1E7EC735001EBB8B</string>
			</array>
			<key>isa</key>
			<string>PBXSourcesBuildPhase</string>
			<key>runOnlyForDeploymentPostprocessing</key>
			<string>0</string>
		</dict>
		<key>72E858331E7EC735001EBB8B</key>
		<dict>
			<key>buildActionMask</key>
			<string>2147483647</string>
			<key>files</key>
			<array>
				<string>A8A741E8C25E82B535A60E78</string>
			</array>
			<key>isa</key>
			<string>PBXFrameworksBuildPhase</string>
			<key>runOnlyForDeploymentPostprocessing</key>
			<string>0</string>
		</dict>
		<key>72E858341E7EC735001EBB8B</key>
		<dict>
			<key>buildActionMask</key>
			<string>2147483647</string>
			<key>files</key>
			<array/>
			<key>isa</key>
			<string>PBXResourcesBuildPhase</string>
			<key>runOnlyForDeploymentPostprocessing</key>
			<string>0</string>
		</dict>
		<key>72E858351E7EC735001EBB8B</key>
		<dict>
			<key>buildConfigurationList</key>
			<string>72E858451E7EC735001EBB8B</string>
			<key>buildPhases</key>
			<array>
				<string>D6895C4C0705B6E22EBA6422</string>
				<string>72E858321E7EC735001EBB8B</string>
				<string>72E858331E7EC735001EBB8B</string>
				<string>72E858341E7EC735001EBB8B</string>
				<string>A6FDEC12745538714737DFC4</string>
				<string>B700308DE2520416149AC412</string>
			</array>
			<key>buildRules</key>
			<array/>
			<key>dependencies</key>
			<array>
				<string>72E858381E7EC735001EBB8B</string>
			</array>
			<key>isa</key>
			<string>PBXNativeTarget</string>
			<key>name</key>
			<string>AppTemplateUITests</string>
			<key>productName</key>
			<string>AppTemplateUITests</string>
			<key>productReference</key>
			<string>72E858361E7EC735001EBB8B</string>
			<key>productType</key>
			<string>com.apple.product-type.bundle.ui-testing</string>
		</dict>
		<key>72E858361E7EC735001EBB8B</key>
		<dict>
			<key>explicitFileType</key>
			<string>wrapper.cfbundle</string>
			<key>includeInIndex</key>
			<string>0</string>
			<key>isa</key>
			<string>PBXFileReference</string>
			<key>path</key>
			<string>AppTemplateUITests.xctest</string>
			<key>sourceTree</key>
			<string>BUILT_PRODUCTS_DIR</string>
		</dict>
		<key>72E858371E7EC735001EBB8B</key>
		<dict>
			<key>containerPortal</key>
			<string>72E8580A1E7EC735001EBB8B</string>
			<key>isa</key>
			<string>PBXContainerItemProxy</string>
			<key>proxyType</key>
			<string>1</string>
			<key>remoteGlobalIDString</key>
			<string>72E858111E7EC735001EBB8B</string>
			<key>remoteInfo</key>
			<string>AppTemplate</string>
		</dict>
		<key>72E858381E7EC735001EBB8B</key>
		<dict>
			<key>isa</key>
			<string>PBXTargetDependency</string>
			<key>target</key>
			<string>72E858111E7EC735001EBB8B</string>
			<key>targetProxy</key>
			<string>72E858371E7EC735001EBB8B</string>
		</dict>
		<key>72E858391E7EC735001EBB8B</key>
		<dict>
			<key>children</key>
			<array>
				<string>72E8583A1E7EC735001EBB8B</string>
				<string>72E8583C1E7EC735001EBB8B</string>
			</array>
			<key>isa</key>
			<string>PBXGroup</string>
			<key>path</key>
			<string>AppTemplateUITests</string>
			<key>sourceTree</key>
			<string>&lt;group&gt;</string>
		</dict>
		<key>72E8583A1E7EC735001EBB8B</key>
		<dict>
			<key>isa</key>
			<string>PBXFileReference</string>
			<key>lastKnownFileType</key>
			<string>sourcecode.c.objc</string>
			<key>path</key>
			<string>AppTemplateUITests.m</string>
			<key>sourceTree</key>
			<string>&lt;group&gt;</string>
		</dict>
		<key>72E8583B1E7EC735001EBB8B</key>
		<dict>
			<key>fileRef</key>
			<string>72E8583A1E7EC735001EBB8B</string>
			<key>isa</key>
			<string>PBXBuildFile</string>
		</dict>
		<key>72E8583C1E7EC735001EBB8B</key>
		<dict>
			<key>isa</key>
			<string>PBXFileReference</string>
			<key>lastKnownFileType</key>
			<string>text.plist.xml</string>
			<key>path</key>
			<string>Info.plist</string>
			<key>sourceTree</key>
			<string>&lt;group&gt;</string>
		</dict>
		<key>72E8583D1E7EC735001EBB8B</key>
		<dict>
			<key>buildSettings</key>
			<dict>
				<key>ALWAYS_SEARCH_USER_PATHS</key>
				<string>NO</string>
				<key>CLANG_ANALYZER_NONNULL</key>
				<string>YES</string>
				<key>CLANG_CXX_LANGUAGE_STANDARD</key>
				<string>gnu++0x</string>
				<key>CLANG_CXX_LIBRARY</key>
				<string>libc++</string>
				<key>CLANG_ENABLE_MODULES</key>
				<string>YES</string>
				<key>CLANG_ENABLE_OBJC_ARC</key>
				<string>YES</string>
				<key>CLANG_WARN_BOOL_CONVERSION</key>
				<string>YES</string>
				<key>CLANG_WARN_CONSTANT_CONVERSION</key>
				<string>YES</string>
				<key>CLANG_WARN_DIRECT_OBJC_ISA_USAGE</key>
				<string>YES_ERROR</string>
				<key>CLANG_WARN_DOCUMENTATION_COMMENTS</key>
				<string>YES</string>
				<key>CLANG_WARN_EMPTY_BODY</key>
				<string>YES</string>
				<key>CLANG_WARN_ENUM_CONVERSION</key>
				<string>YES</string>
				<key>CLANG_WARN_INFINITE_RECURSION</key>
				<string>YES</string>
				<key>CLANG_WARN_INT_CONVERSION</key>
				<string>YES</string>
				<key>CLANG_WARN_OBJC_ROOT_CLASS</key>
				<string>YES_ERROR</string>
				<key>CLANG_WARN_SUSPICIOUS_MOVE</key>
				<string>YES</string>
				<key>CLANG_WARN_UNREACHABLE_CODE</key>
				<string>YES</string>
				<key>CLANG_WARN__DUPLICATE_METHOD_MATCH</key>
				<string>YES</string>
				<key>CODE_SIGN_IDENTITY[sdk=iphoneos*]</key>
				<string>iPhone Developer</string>
				<key>COPY_PHASE_STRIP</key>
				<string>NO</string>
				<key>DEBUG_INFORMATION_FORMAT</key>
				<string>dwarf</string>
				<key>ENABLE_STRICT_OBJC_MSGSEND</key>
				<string>YES</string>
				<key>ENABLE_TESTABILITY</key>
				<string>YES</string>
				<key>GCC_C_LANGUAGE_STANDARD</key>
				<string>gnu99</string>
				<key>GCC_DYNAMIC_NO_PIC</key>
				<string>NO</string>
				<key>GCC_NO_COMMON_BLOCKS</key>
				<string>YES</string>
				<key>GCC_OPTIMIZATION_LEVEL</key>
				<string>0</string>
				<key>GCC_PREPROCESSOR_DEFINITIONS</key>
				<array>
					<string>DEBUG=1</string>
					<string>$(inherited)</string>
				</array>
				<key>GCC_WARN_64_TO_32_BIT_CONVERSION</key>
				<string>YES</string>
				<key>GCC_WARN_ABOUT_RETURN_TYPE</key>
				<string>YES_ERROR</string>
				<key>GCC_WARN_UNDECLARED_SELECTOR</key>
				<string>YES</string>
				<key>GCC_WARN_UNINITIALIZED_AUTOS</key>
				<string>YES_AGGRESSIVE</string>
				<key>GCC_WARN_UNUSED_FUNCTION</key>
				<string>YES</string>
				<key>GCC_WARN_UNUSED_VARIABLE</key>
				<string>YES</string>
				<key>IPHONEOS_DEPLOYMENT_TARGET</key>
				<string>10.2</string>
				<key>MTL_ENABLE_DEBUG_INFO</key>
				<string>YES</string>
				<key>ONLY_ACTIVE_ARCH</key>
				<string>YES</string>
				<key>SDKROOT</key>
				<string>iphoneos</string>
				<key>TARGETED_DEVICE_FAMILY</key>
				<string>1,2</string>
			</dict>
			<key>isa</key>
			<string>XCBuildConfiguration</string>
			<key>name</key>
			<string>Debug</string>
		</dict>
		<key>72E8583E1E7EC735001EBB8B</key>
		<dict>
			<key>buildSettings</key>
			<dict>
				<key>ALWAYS_SEARCH_USER_PATHS</key>
				<string>NO</string>
				<key>CLANG_ANALYZER_NONNULL</key>
				<string>YES</string>
				<key>CLANG_CXX_LANGUAGE_STANDARD</key>
				<string>gnu++0x</string>
				<key>CLANG_CXX_LIBRARY</key>
				<string>libc++</string>
				<key>CLANG_ENABLE_MODULES</key>
				<string>YES</string>
				<key>CLANG_ENABLE_OBJC_ARC</key>
				<string>YES</string>
				<key>CLANG_WARN_BOOL_CONVERSION</key>
				<string>YES</string>
				<key>CLANG_WARN_CONSTANT_CONVERSION</key>
				<string>YES</string>
				<key>CLANG_WARN_DIRECT_OBJC_ISA_USAGE</key>
				<string>YES_ERROR</string>
				<key>CLANG_WARN_DOCUMENTATION_COMMENTS</key>
				<string>YES</string>
				<key>CLANG_WARN_EMPTY_BODY</key>
				<string>YES</string>
				<key>CLANG_WARN_ENUM_CONVERSION</key>
				<string>YES</string>
				<key>CLANG_WARN_INFINITE_RECURSION</key>
				<string>YES</string>
				<key>CLANG_WARN_INT_CONVERSION</key>
				<string>YES</string>
				<key>CLANG_WARN_OBJC_ROOT_CLASS</key>
				<string>YES_ERROR</string>
				<key>CLANG_WARN_SUSPICIOUS_MOVE</key>
				<string>YES</string>
				<key>CLANG_WARN_UNREACHABLE_CODE</key>
				<string>YES</string>
				<key>CLANG_WARN__DUPLICATE_METHOD_MATCH</key>
				<string>YES</string>
				<key>CODE_SIGN_IDENTITY[sdk=iphoneos*]</key>
				<string>iPhone Developer</string>
				<key>COPY_PHASE_STRIP</key>
				<string>NO</string>
				<key>DEBUG_INFORMATION_FORMAT</key>
				<string>dwarf-with-dsym</string>
				<key>ENABLE_NS_ASSERTIONS</key>
				<string>NO</string>
				<key>ENABLE_STRICT_OBJC_MSGSEND</key>
				<string>YES</string>
				<key>GCC_C_LANGUAGE_STANDARD</key>
				<string>gnu99</string>
				<key>GCC_NO_COMMON_BLOCKS</key>
				<string>YES</string>
				<key>GCC_WARN_64_TO_32_BIT_CONVERSION</key>
				<string>YES</string>
				<key>GCC_WARN_ABOUT_RETURN_TYPE</key>
				<string>YES_ERROR</string>
				<key>GCC_WARN_UNDECLARED_SELECTOR</key>
				<string>YES</string>
				<key>GCC_WARN_UNINITIALIZED_AUTOS</key>
				<string>YES_AGGRESSIVE</string>
				<key>GCC_WARN_UNUSED_FUNCTION</key>
				<string>YES</string>
				<key>GCC_WARN_UNUSED_VARIABLE</key>
				<string>YES</string>
				<key>IPHONEOS_DEPLOYMENT_TARGET</key>
				<string>10.2</string>
				<key>MTL_ENABLE_DEBUG_INFO</key>
				<string>NO</string>
				<key>SDKROOT</key>
				<string>iphoneos</string>
				<key>TARGETED_DEVICE_FAMILY</key>
				<string>1,2</string>
				<key>VALIDATE_PRODUCT</key>
				<string>YES</string>
			</dict>
			<key>isa</key>
			<string>XCBuildConfiguration</string>
			<key>name</key>
			<string>Release</string>
		</dict>
		<key>72E8583F1E7EC735001EBB8B</key>
		<dict>
			<key>buildConfigurations</key>
			<array>
				<string>72E858401E7EC735001EBB8B</string>
				<string>72E858411E7EC735001EBB8B</string>
			</array>
			<key>defaultConfigurationIsVisible</key>
			<string>0</string>
			<key>defaultConfigurationName</key>
			<string>Release</string>
			<key>isa</key>
			<string>XCConfigurationList</string>
		</dict>
		<key>72E858401E7EC735001EBB8B</key>
		<dict>
			<key>baseConfigurationReference</key>
			<string>326FBDE6F0D9FCD2D4D4E83F</string>
			<key>buildSettings</key>
			<dict>
				<key>ASSETCATALOG_COMPILER_APPICON_NAME</key>
				<string>AppIcon</string>
				<key>DEVELOPMENT_TEAM</key>
				<string>TSXDWSWUUR</string>
				<key>INFOPLIST_FILE</key>
				<string>AppTemplate/Info.plist</string>
				<key>IPHONEOS_DEPLOYMENT_TARGET</key>
				<string>10.0</string>
				<key>LD_RUNPATH_SEARCH_PATHS</key>
				<string>$(inherited) @executable_path/Frameworks</string>
				<key>PRODUCT_BUNDLE_IDENTIFIER</key>
				<string>com.monstertechstudio.wallpaperApp</string>
				<key>PRODUCT_NAME</key>
				<string>$(TARGET_NAME)</string>
			</dict>
			<key>isa</key>
			<string>XCBuildConfiguration</string>
			<key>name</key>
			<string>Debug</string>
		</dict>
		<key>72E858411E7EC735001EBB8B</key>
		<dict>
			<key>baseConfigurationReference</key>
			<string>52EE46CF075FE7B30045567C</string>
			<key>buildSettings</key>
			<dict>
				<key>ASSETCATALOG_COMPILER_APPICON_NAME</key>
				<string>AppIcon</string>
				<key>DEVELOPMENT_TEAM</key>
				<string>TSXDWSWUUR</string>
				<key>INFOPLIST_FILE</key>
				<string>AppTemplate/Info.plist</string>
				<key>IPHONEOS_DEPLOYMENT_TARGET</key>
				<string>10.0</string>
				<key>LD_RUNPATH_SEARCH_PATHS</key>
				<string>$(inherited) @executable_path/Frameworks</string>
				<key>PRODUCT_BUNDLE_IDENTIFIER</key>
				<string>com.monstertechstudio.wallpaperApp</string>
				<key>PRODUCT_NAME</key>
				<string>$(TARGET_NAME)</string>
			</dict>
			<key>isa</key>
			<string>XCBuildConfiguration</string>
			<key>name</key>
			<string>Release</string>
		</dict>
		<key>72E858421E7EC735001EBB8B</key>
		<dict>
			<key>buildConfigurations</key>
			<array>
				<string>72E858431E7EC735001EBB8B</string>
				<string>72E858441E7EC735001EBB8B</string>
			</array>
			<key>defaultConfigurationIsVisible</key>
			<string>0</string>
			<key>defaultConfigurationName</key>
			<string>Release</string>
			<key>isa</key>
			<string>XCConfigurationList</string>
		</dict>
		<key>72E858431E7EC735001EBB8B</key>
		<dict>
			<key>baseConfigurationReference</key>
			<string>1C614010AD66261DCA3E5679</string>
			<key>buildSettings</key>
			<dict>
				<key>BUNDLE_LOADER</key>
				<string>$(TEST_HOST)</string>
				<key>DEVELOPMENT_TEAM</key>
				<string>TSXDWSWUUR</string>
				<key>INFOPLIST_FILE</key>
				<string>AppTemplateTests/Info.plist</string>
				<key>LD_RUNPATH_SEARCH_PATHS</key>
				<string>$(inherited) @executable_path/Frameworks @loader_path/Frameworks</string>
				<key>PRODUCT_BUNDLE_IDENTIFIER</key>
				<string>com.monstertechstudio.AppTemplateTests</string>
				<key>PRODUCT_NAME</key>
				<string>$(TARGET_NAME)</string>
				<key>TEST_HOST</key>
				<string>$(BUILT_PRODUCTS_DIR)/AppTemplate.app/AppTemplate</string>
			</dict>
			<key>isa</key>
			<string>XCBuildConfiguration</string>
			<key>name</key>
			<string>Debug</string>
		</dict>
		<key>72E858441E7EC735001EBB8B</key>
		<dict>
			<key>baseConfigurationReference</key>
			<string>106ACE2A727900C86756AD70</string>
			<key>buildSettings</key>
			<dict>
				<key>BUNDLE_LOADER</key>
				<string>$(TEST_HOST)</string>
				<key>DEVELOPMENT_TEAM</key>
				<string>TSXDWSWUUR</string>
				<key>INFOPLIST_FILE</key>
				<string>AppTemplateTests/Info.plist</string>
				<key>LD_RUNPATH_SEARCH_PATHS</key>
				<string>$(inherited) @executable_path/Frameworks @loader_path/Frameworks</string>
				<key>PRODUCT_BUNDLE_IDENTIFIER</key>
				<string>com.monstertechstudio.AppTemplateTests</string>
				<key>PRODUCT_NAME</key>
				<string>$(TARGET_NAME)</string>
				<key>TEST_HOST</key>
				<string>$(BUILT_PRODUCTS_DIR)/AppTemplate.app/AppTemplate</string>
			</dict>
			<key>isa</key>
			<string>XCBuildConfiguration</string>
			<key>name</key>
			<string>Release</string>
		</dict>
		<key>72E858451E7EC735001EBB8B</key>
		<dict>
			<key>buildConfigurations</key>
			<array>
				<string>72E858461E7EC735001EBB8B</string>
				<string>72E858471E7EC735001EBB8B</string>
			</array>
			<key>defaultConfigurationIsVisible</key>
			<string>0</string>
			<key>defaultConfigurationName</key>
			<string>Release</string>
			<key>isa</key>
			<string>XCConfigurationList</string>
		</dict>
		<key>72E858461E7EC735001EBB8B</key>
		<dict>
			<key>baseConfigurationReference</key>
			<string>B0E026F3DED362E87652F2A7</string>
			<key>buildSettings</key>
			<dict>
				<key>DEVELOPMENT_TEAM</key>
				<string>TSXDWSWUUR</string>
				<key>INFOPLIST_FILE</key>
				<string>AppTemplateUITests/Info.plist</string>
				<key>LD_RUNPATH_SEARCH_PATHS</key>
				<string>$(inherited) @executable_path/Frameworks @loader_path/Frameworks</string>
				<key>PRODUCT_BUNDLE_IDENTIFIER</key>
				<string>com.monstertechstudio.AppTemplateUITests</string>
				<key>PRODUCT_NAME</key>
				<string>$(TARGET_NAME)</string>
				<key>TEST_TARGET_NAME</key>
				<string>AppTemplate</string>
			</dict>
			<key>isa</key>
			<string>XCBuildConfiguration</string>
			<key>name</key>
			<string>Debug</string>
		</dict>
		<key>72E858471E7EC735001EBB8B</key>
		<dict>
			<key>baseConfigurationReference</key>
			<string>A3007A298E7CC4B86A246C14</string>
			<key>buildSettings</key>
			<dict>
				<key>DEVELOPMENT_TEAM</key>
				<string>TSXDWSWUUR</string>
				<key>INFOPLIST_FILE</key>
				<string>AppTemplateUITests/Info.plist</string>
				<key>LD_RUNPATH_SEARCH_PATHS</key>
				<string>$(inherited) @executable_path/Frameworks @loader_path/Frameworks</string>
				<key>PRODUCT_BUNDLE_IDENTIFIER</key>
				<string>com.monstertechstudio.AppTemplateUITests</string>
				<key>PRODUCT_NAME</key>
				<string>$(TARGET_NAME)</string>
				<key>TEST_TARGET_NAME</key>
				<string>AppTemplate</string>
			</dict>
			<key>isa</key>
			<string>XCBuildConfiguration</string>
			<key>name</key>
			<string>Release</string>
		</dict>
		<key>7D10EA9835D37BC95810846F</key>
		<dict>
			<key>fileRef</key>
			<string>4D8A317DABCFDDAC5D8441AB</string>
			<key>isa</key>
			<string>PBXBuildFile</string>
		</dict>
		<key>8D41157A1F59047C00069FD9</key>
		<dict>
			<key>children</key>
			<array>
				<string>8D8F9F8B1F5D06A000D07450</string>
				<string>8D41157B1F59047C00069FD9</string>
				<string>8D41158A1F59047C00069FD9</string>
				<string>8D41159E1F59047C00069FD9</string>
			</array>
			<key>isa</key>
			<string>PBXGroup</string>
			<key>path</key>
			<string>Vendor</string>
			<key>sourceTree</key>
			<string>&lt;group&gt;</string>
		</dict>
		<key>8D41157B1F59047C00069FD9</key>
		<dict>
			<key>children</key>
			<array>
				<string>8D41157C1F59047C00069FD9</string>
				<string>8D41157F1F59047C00069FD9</string>
				<string>8D4115841F59047C00069FD9</string>
				<string>8D4115891F59047C00069FD9</string>
			</array>
			<key>isa</key>
			<string>PBXGroup</string>
			<key>path</key>
			<string>SGPagingView</string>
			<key>sourceTree</key>
			<string>&lt;group&gt;</string>
		</dict>
		<key>8D41157C1F59047C00069FD9</key>
		<dict>
			<key>children</key>
			<array>
				<string>8D41157D1F59047C00069FD9</string>
				<string>8D41157E1F59047C00069FD9</string>
			</array>
			<key>isa</key>
			<string>PBXGroup</string>
			<key>path</key>
			<string>Category</string>
			<key>sourceTree</key>
			<string>&lt;group&gt;</string>
		</dict>
		<key>8D41157D1F59047C00069FD9</key>
		<dict>
			<key>fileEncoding</key>
			<string>4</string>
			<key>isa</key>
			<string>PBXFileReference</string>
			<key>lastKnownFileType</key>
			<string>sourcecode.c.h</string>
			<key>path</key>
			<string>UIView+SGFrame.h</string>
			<key>sourceTree</key>
			<string>&lt;group&gt;</string>
		</dict>
		<key>8D41157E1F59047C00069FD9</key>
		<dict>
			<key>fileEncoding</key>
			<string>4</string>
			<key>isa</key>
			<string>PBXFileReference</string>
			<key>lastKnownFileType</key>
			<string>sourcecode.c.objc</string>
			<key>path</key>
			<string>UIView+SGFrame.m</string>
			<key>sourceTree</key>
			<string>&lt;group&gt;</string>
		</dict>
		<key>8D41157F1F59047C00069FD9</key>
		<dict>
			<key>children</key>
			<array>
				<string>8D4115801F59047C00069FD9</string>
				<string>8D4115811F59047C00069FD9</string>
				<string>8D4115821F59047C00069FD9</string>
				<string>8D4115831F59047C00069FD9</string>
			</array>
			<key>isa</key>
			<string>PBXGroup</string>
			<key>path</key>
			<string>SGPageContent</string>
			<key>sourceTree</key>
			<string>&lt;group&gt;</string>
		</dict>
		<key>8D4115801F59047C00069FD9</key>
		<dict>
			<key>fileEncoding</key>
			<string>4</string>
			<key>isa</key>
			<string>PBXFileReference</string>
			<key>lastKnownFileType</key>
			<string>sourcecode.c.h</string>
			<key>path</key>
			<string>SGPageContentScrollView.h</string>
			<key>sourceTree</key>
			<string>&lt;group&gt;</string>
		</dict>
		<key>8D4115811F59047C00069FD9</key>
		<dict>
			<key>fileEncoding</key>
			<string>4</string>
			<key>isa</key>
			<string>PBXFileReference</string>
			<key>lastKnownFileType</key>
			<string>sourcecode.c.objc</string>
			<key>path</key>
			<string>SGPageContentScrollView.m</string>
			<key>sourceTree</key>
			<string>&lt;group&gt;</string>
		</dict>
		<key>8D4115821F59047C00069FD9</key>
		<dict>
			<key>fileEncoding</key>
			<string>4</string>
			<key>isa</key>
			<string>PBXFileReference</string>
			<key>lastKnownFileType</key>
			<string>sourcecode.c.h</string>
			<key>path</key>
			<string>SGPageContentView.h</string>
			<key>sourceTree</key>
			<string>&lt;group&gt;</string>
		</dict>
		<key>8D4115831F59047C00069FD9</key>
		<dict>
			<key>fileEncoding</key>
			<string>4</string>
			<key>isa</key>
			<string>PBXFileReference</string>
			<key>lastKnownFileType</key>
			<string>sourcecode.c.objc</string>
			<key>path</key>
			<string>SGPageContentView.m</string>
			<key>sourceTree</key>
			<string>&lt;group&gt;</string>
		</dict>
		<key>8D4115841F59047C00069FD9</key>
		<dict>
			<key>children</key>
			<array>
				<string>8D4115851F59047C00069FD9</string>
				<string>8D4115861F59047C00069FD9</string>
				<string>8D4115871F59047C00069FD9</string>
				<string>8D4115881F59047C00069FD9</string>
			</array>
			<key>isa</key>
			<string>PBXGroup</string>
			<key>path</key>
			<string>SGPageTitle</string>
			<key>sourceTree</key>
			<string>&lt;group&gt;</string>
		</dict>
		<key>8D4115851F59047C00069FD9</key>
		<dict>
			<key>fileEncoding</key>
			<string>4</string>
			<key>isa</key>
			<string>PBXFileReference</string>
			<key>lastKnownFileType</key>
			<string>sourcecode.c.h</string>
			<key>path</key>
			<string>SGPageTitleButton.h</string>
			<key>sourceTree</key>
			<string>&lt;group&gt;</string>
		</dict>
		<key>8D4115861F59047C00069FD9</key>
		<dict>
			<key>fileEncoding</key>
			<string>4</string>
			<key>isa</key>
			<string>PBXFileReference</string>
			<key>lastKnownFileType</key>
			<string>sourcecode.c.objc</string>
			<key>path</key>
			<string>SGPageTitleButton.m</string>
			<key>sourceTree</key>
			<string>&lt;group&gt;</string>
		</dict>
		<key>8D4115871F59047C00069FD9</key>
		<dict>
			<key>fileEncoding</key>
			<string>4</string>
			<key>isa</key>
			<string>PBXFileReference</string>
			<key>lastKnownFileType</key>
			<string>sourcecode.c.h</string>
			<key>path</key>
			<string>SGPageTitleView.h</string>
			<key>sourceTree</key>
			<string>&lt;group&gt;</string>
		</dict>
		<key>8D4115881F59047C00069FD9</key>
		<dict>
			<key>fileEncoding</key>
			<string>4</string>
			<key>isa</key>
			<string>PBXFileReference</string>
			<key>lastKnownFileType</key>
			<string>sourcecode.c.objc</string>
			<key>path</key>
			<string>SGPageTitleView.m</string>
			<key>sourceTree</key>
			<string>&lt;group&gt;</string>
		</dict>
		<key>8D4115891F59047C00069FD9</key>
		<dict>
			<key>fileEncoding</key>
			<string>4</string>
			<key>isa</key>
			<string>PBXFileReference</string>
			<key>lastKnownFileType</key>
			<string>sourcecode.c.h</string>
			<key>path</key>
			<string>SGPagingView.h</string>
			<key>sourceTree</key>
			<string>&lt;group&gt;</string>
		</dict>
		<key>8D41158A1F59047C00069FD9</key>
		<dict>
			<key>children</key>
			<array>
				<string>8D41158B1F59047C00069FD9</string>
			</array>
			<key>isa</key>
			<string>PBXGroup</string>
			<key>path</key>
			<string>TYPagerController</string>
			<key>sourceTree</key>
			<string>&lt;group&gt;</string>
		</dict>
		<key>8D41158B1F59047C00069FD9</key>
		<dict>
			<key>children</key>
			<array>
				<string>8D41158C1F59047C00069FD9</string>
			</array>
			<key>isa</key>
			<string>PBXGroup</string>
			<key>path</key>
			<string>TYPagerControllerDemo</string>
			<key>sourceTree</key>
			<string>&lt;group&gt;</string>
		</dict>
		<key>8D41158C1F59047C00069FD9</key>
		<dict>
			<key>children</key>
			<array>
				<string>8D41158D1F59047C00069FD9</string>
				<string>8D4115981F59047C00069FD9</string>
				<string>8D4115991F59047C00069FD9</string>
				<string>8D41159A1F59047C00069FD9</string>
				<string>8D41159B1F59047C00069FD9</string>
				<string>8D41159C1F59047C00069FD9</string>
				<string>8D41159D1F59047C00069FD9</string>
			</array>
			<key>isa</key>
			<string>PBXGroup</string>
			<key>path</key>
			<string>TYPagerController</string>
			<key>sourceTree</key>
			<string>&lt;group&gt;</string>
		</dict>
		<key>8D41158D1F59047C00069FD9</key>
		<dict>
			<key>children</key>
			<array>
				<string>8D41158E1F59047C00069FD9</string>
				<string>8D41158F1F59047C00069FD9</string>
				<string>8D4115901F59047C00069FD9</string>
				<string>8D4115911F59047C00069FD9</string>
				<string>8D4115921F59047C00069FD9</string>
				<string>8D4115931F59047C00069FD9</string>
				<string>8D4115941F59047C00069FD9</string>
				<string>8D4115951F59047C00069FD9</string>
				<string>8D4115961F59047C00069FD9</string>
				<string>8D4115971F59047C00069FD9</string>
			</array>
			<key>isa</key>
			<string>PBXGroup</string>
			<key>path</key>
			<string>TabPager</string>
			<key>sourceTree</key>
			<string>&lt;group&gt;</string>
		</dict>
		<key>8D41158E1F59047C00069FD9</key>
		<dict>
			<key>fileEncoding</key>
			<string>4</string>
			<key>isa</key>
			<string>PBXFileReference</string>
			<key>lastKnownFileType</key>
			<string>sourcecode.c.h</string>
			<key>path</key>
			<string>TYTabPagerBar.h</string>
			<key>sourceTree</key>
			<string>&lt;group&gt;</string>
		</dict>
		<key>8D41158F1F59047C00069FD9</key>
		<dict>
			<key>fileEncoding</key>
			<string>4</string>
			<key>isa</key>
			<string>PBXFileReference</string>
			<key>lastKnownFileType</key>
			<string>sourcecode.c.objc</string>
			<key>path</key>
			<string>TYTabPagerBar.m</string>
			<key>sourceTree</key>
			<string>&lt;group&gt;</string>
		</dict>
		<key>8D4115901F59047C00069FD9</key>
		<dict>
			<key>fileEncoding</key>
			<string>4</string>
			<key>isa</key>
			<string>PBXFileReference</string>
			<key>lastKnownFileType</key>
			<string>sourcecode.c.h</string>
			<key>path</key>
			<string>TYTabPagerBarCell.h</string>
			<key>sourceTree</key>
			<string>&lt;group&gt;</string>
		</dict>
		<key>8D4115911F59047C00069FD9</key>
		<dict>
			<key>fileEncoding</key>
			<string>4</string>
			<key>isa</key>
			<string>PBXFileReference</string>
			<key>lastKnownFileType</key>
			<string>sourcecode.c.objc</string>
			<key>path</key>
			<string>TYTabPagerBarCell.m</string>
			<key>sourceTree</key>
			<string>&lt;group&gt;</string>
		</dict>
		<key>8D4115921F59047C00069FD9</key>
		<dict>
			<key>fileEncoding</key>
			<string>4</string>
			<key>isa</key>
			<string>PBXFileReference</string>
			<key>lastKnownFileType</key>
			<string>sourcecode.c.h</string>
			<key>path</key>
			<string>TYTabPagerBarLayout.h</string>
			<key>sourceTree</key>
			<string>&lt;group&gt;</string>
		</dict>
		<key>8D4115931F59047C00069FD9</key>
		<dict>
			<key>fileEncoding</key>
			<string>4</string>
			<key>isa</key>
			<string>PBXFileReference</string>
			<key>lastKnownFileType</key>
			<string>sourcecode.c.objc</string>
			<key>path</key>
			<string>TYTabPagerBarLayout.m</string>
			<key>sourceTree</key>
			<string>&lt;group&gt;</string>
		</dict>
		<key>8D4115941F59047C00069FD9</key>
		<dict>
			<key>fileEncoding</key>
			<string>4</string>
			<key>isa</key>
			<string>PBXFileReference</string>
			<key>lastKnownFileType</key>
			<string>sourcecode.c.h</string>
			<key>path</key>
			<string>TYTabPagerController.h</string>
			<key>sourceTree</key>
			<string>&lt;group&gt;</string>
		</dict>
		<key>8D4115951F59047C00069FD9</key>
		<dict>
			<key>fileEncoding</key>
			<string>4</string>
			<key>isa</key>
			<string>PBXFileReference</string>
			<key>lastKnownFileType</key>
			<string>sourcecode.c.objc</string>
			<key>path</key>
			<string>TYTabPagerController.m</string>
			<key>sourceTree</key>
			<string>&lt;group&gt;</string>
		</dict>
		<key>8D4115961F59047C00069FD9</key>
		<dict>
			<key>fileEncoding</key>
			<string>4</string>
			<key>isa</key>
			<string>PBXFileReference</string>
			<key>lastKnownFileType</key>
			<string>sourcecode.c.h</string>
			<key>path</key>
			<string>TYTabPagerView.h</string>
			<key>sourceTree</key>
			<string>&lt;group&gt;</string>
		</dict>
		<key>8D4115971F59047C00069FD9</key>
		<dict>
			<key>fileEncoding</key>
			<string>4</string>
			<key>isa</key>
			<string>PBXFileReference</string>
			<key>lastKnownFileType</key>
			<string>sourcecode.c.objc</string>
			<key>path</key>
			<string>TYTabPagerView.m</string>
			<key>sourceTree</key>
			<string>&lt;group&gt;</string>
		</dict>
		<key>8D4115981F59047C00069FD9</key>
		<dict>
			<key>fileEncoding</key>
			<string>4</string>
			<key>isa</key>
			<string>PBXFileReference</string>
			<key>lastKnownFileType</key>
			<string>sourcecode.c.h</string>
			<key>path</key>
			<string>TYPagerController.h</string>
			<key>sourceTree</key>
			<string>&lt;group&gt;</string>
		</dict>
		<key>8D4115991F59047C00069FD9</key>
		<dict>
			<key>fileEncoding</key>
			<string>4</string>
			<key>isa</key>
			<string>PBXFileReference</string>
			<key>lastKnownFileType</key>
			<string>sourcecode.c.objc</string>
			<key>path</key>
			<string>TYPagerController.m</string>
			<key>sourceTree</key>
			<string>&lt;group&gt;</string>
		</dict>
		<key>8D41159A1F59047C00069FD9</key>
		<dict>
			<key>fileEncoding</key>
			<string>4</string>
			<key>isa</key>
			<string>PBXFileReference</string>
			<key>lastKnownFileType</key>
			<string>sourcecode.c.h</string>
			<key>path</key>
			<string>TYPagerView.h</string>
			<key>sourceTree</key>
			<string>&lt;group&gt;</string>
		</dict>
		<key>8D41159B1F59047C00069FD9</key>
		<dict>
			<key>fileEncoding</key>
			<string>4</string>
			<key>isa</key>
			<string>PBXFileReference</string>
			<key>lastKnownFileType</key>
			<string>sourcecode.c.objc</string>
			<key>path</key>
			<string>TYPagerView.m</string>
			<key>sourceTree</key>
			<string>&lt;group&gt;</string>
		</dict>
		<key>8D41159C1F59047C00069FD9</key>
		<dict>
			<key>fileEncoding</key>
			<string>4</string>
			<key>isa</key>
			<string>PBXFileReference</string>
			<key>lastKnownFileType</key>
			<string>sourcecode.c.h</string>
			<key>path</key>
			<string>TYPagerViewLayout.h</string>
			<key>sourceTree</key>
			<string>&lt;group&gt;</string>
		</dict>
		<key>8D41159D1F59047C00069FD9</key>
		<dict>
			<key>fileEncoding</key>
			<string>4</string>
			<key>isa</key>
			<string>PBXFileReference</string>
			<key>lastKnownFileType</key>
			<string>sourcecode.c.objc</string>
			<key>path</key>
			<string>TYPagerViewLayout.m</string>
			<key>sourceTree</key>
			<string>&lt;group&gt;</string>
		</dict>
		<key>8D41159E1F59047C00069FD9</key>
		<dict>
			<key>children</key>
			<array>
				<string>8D41159F1F59047C00069FD9</string>
				<string>8D4115A01F59047C00069FD9</string>
			</array>
			<key>isa</key>
			<string>PBXGroup</string>
			<key>path</key>
			<string>UIImage+animatedGIF</string>
			<key>sourceTree</key>
			<string>&lt;group&gt;</string>
		</dict>
		<key>8D41159F1F59047C00069FD9</key>
		<dict>
			<key>fileEncoding</key>
			<string>4</string>
			<key>isa</key>
			<string>PBXFileReference</string>
			<key>lastKnownFileType</key>
			<string>sourcecode.c.h</string>
			<key>path</key>
			<string>UIImage+animatedGIF.h</string>
			<key>sourceTree</key>
			<string>&lt;group&gt;</string>
		</dict>
		<key>8D4115A01F59047C00069FD9</key>
		<dict>
			<key>fileEncoding</key>
			<string>4</string>
			<key>isa</key>
			<string>PBXFileReference</string>
			<key>lastKnownFileType</key>
			<string>sourcecode.c.objc</string>
			<key>path</key>
			<string>UIImage+animatedGIF.m</string>
			<key>sourceTree</key>
			<string>&lt;group&gt;</string>
		</dict>
		<key>8D4115A11F59047C00069FD9</key>
		<dict>
			<key>fileRef</key>
			<string>8D41157E1F59047C00069FD9</string>
			<key>isa</key>
			<string>PBXBuildFile</string>
		</dict>
		<key>8D4115A21F59047C00069FD9</key>
		<dict>
			<key>fileRef</key>
			<string>8D4115811F59047C00069FD9</string>
			<key>isa</key>
			<string>PBXBuildFile</string>
		</dict>
		<key>8D4115A31F59047C00069FD9</key>
		<dict>
			<key>fileRef</key>
			<string>8D4115831F59047C00069FD9</string>
			<key>isa</key>
			<string>PBXBuildFile</string>
		</dict>
		<key>8D4115A41F59047C00069FD9</key>
		<dict>
			<key>fileRef</key>
			<string>8D4115861F59047C00069FD9</string>
			<key>isa</key>
			<string>PBXBuildFile</string>
		</dict>
		<key>8D4115A51F59047C00069FD9</key>
		<dict>
			<key>fileRef</key>
			<string>8D4115881F59047C00069FD9</string>
			<key>isa</key>
			<string>PBXBuildFile</string>
		</dict>
		<key>8D4115A61F59047C00069FD9</key>
		<dict>
			<key>fileRef</key>
			<string>8D41158F1F59047C00069FD9</string>
			<key>isa</key>
			<string>PBXBuildFile</string>
		</dict>
		<key>8D4115A71F59047C00069FD9</key>
		<dict>
			<key>fileRef</key>
			<string>8D4115911F59047C00069FD9</string>
			<key>isa</key>
			<string>PBXBuildFile</string>
		</dict>
		<key>8D4115A81F59047C00069FD9</key>
		<dict>
			<key>fileRef</key>
			<string>8D4115931F59047C00069FD9</string>
			<key>isa</key>
			<string>PBXBuildFile</string>
		</dict>
		<key>8D4115A91F59047C00069FD9</key>
		<dict>
			<key>fileRef</key>
			<string>8D4115951F59047C00069FD9</string>
			<key>isa</key>
			<string>PBXBuildFile</string>
		</dict>
		<key>8D4115AA1F59047C00069FD9</key>
		<dict>
			<key>fileRef</key>
			<string>8D4115971F59047C00069FD9</string>
			<key>isa</key>
			<string>PBXBuildFile</string>
		</dict>
		<key>8D4115AB1F59047C00069FD9</key>
		<dict>
			<key>fileRef</key>
			<string>8D4115991F59047C00069FD9</string>
			<key>isa</key>
			<string>PBXBuildFile</string>
		</dict>
		<key>8D4115AC1F59047C00069FD9</key>
		<dict>
			<key>fileRef</key>
			<string>8D41159B1F59047C00069FD9</string>
			<key>isa</key>
			<string>PBXBuildFile</string>
		</dict>
		<key>8D4115AD1F59047C00069FD9</key>
		<dict>
			<key>fileRef</key>
			<string>8D41159D1F59047C00069FD9</string>
			<key>isa</key>
			<string>PBXBuildFile</string>
		</dict>
		<key>8D4115AE1F59047C00069FD9</key>
		<dict>
			<key>fileRef</key>
			<string>8D4115A01F59047C00069FD9</string>
			<key>isa</key>
			<string>PBXBuildFile</string>
		</dict>
		<key>8D4115AF1F5905B500069FD9</key>
		<dict>
			<key>children</key>
			<array>
				<string>8D4115B01F5905B500069FD9</string>
				<string>8D4115B41F5905B500069FD9</string>
				<string>8D4115BA1F5905B500069FD9</string>
				<string>8D4115BE1F5905B500069FD9</string>
			</array>
			<key>isa</key>
			<string>PBXGroup</string>
			<key>path</key>
			<string>Controllers</string>
			<key>sourceTree</key>
			<string>&lt;group&gt;</string>
		</dict>
		<key>8D4115B01F5905B500069FD9</key>
		<dict>
			<key>children</key>
			<array>
				<string>8D4115B11F5905B500069FD9</string>
				<string>8D4115B21F5905B500069FD9</string>
				<string>8D4115B31F5905B500069FD9</string>
			</array>
			<key>isa</key>
			<string>PBXGroup</string>
			<key>path</key>
			<string>CollectionList</string>
			<key>sourceTree</key>
			<string>&lt;group&gt;</string>
		</dict>
		<key>8D4115B11F5905B500069FD9</key>
		<dict>
			<key>fileEncoding</key>
			<string>4</string>
			<key>isa</key>
			<string>PBXFileReference</string>
			<key>lastKnownFileType</key>
			<string>sourcecode.c.h</string>
			<key>path</key>
			<string>PictureCollectionViewController.h</string>
			<key>sourceTree</key>
			<string>&lt;group&gt;</string>
		</dict>
		<key>8D4115B21F5905B500069FD9</key>
		<dict>
			<key>fileEncoding</key>
			<string>4</string>
			<key>isa</key>
			<string>PBXFileReference</string>
			<key>lastKnownFileType</key>
			<string>sourcecode.c.objc</string>
			<key>path</key>
			<string>PictureCollectionViewController.m</string>
			<key>sourceTree</key>
			<string>&lt;group&gt;</string>
		</dict>
		<key>8D4115B31F5905B500069FD9</key>
		<dict>
			<key>fileEncoding</key>
			<string>4</string>
			<key>isa</key>
			<string>PBXFileReference</string>
			<key>lastKnownFileType</key>
			<string>file.xib</string>
			<key>path</key>
			<string>PictureCollectionViewController.xib</string>
			<key>sourceTree</key>
			<string>&lt;group&gt;</string>
		</dict>
		<key>8D4115B41F5905B500069FD9</key>
		<dict>
			<key>children</key>
			<array>
				<string>8D4115B51F5905B500069FD9</string>
				<string>8D4115B61F5905B500069FD9</string>
				<string>8D4115B71F5905B500069FD9</string>
				<string>8D4115B81F5905B500069FD9</string>
				<string>8D4115B91F5905B500069FD9</string>
			</array>
			<key>isa</key>
			<string>PBXGroup</string>
			<key>path</key>
			<string>Main</string>
			<key>sourceTree</key>
			<string>&lt;group&gt;</string>
		</dict>
		<key>8D4115B51F5905B500069FD9</key>
		<dict>
			<key>fileEncoding</key>
			<string>4</string>
			<key>isa</key>
			<string>PBXFileReference</string>
			<key>lastKnownFileType</key>
			<string>sourcecode.c.h</string>
			<key>path</key>
			<string>MainViewController.h</string>
			<key>sourceTree</key>
			<string>&lt;group&gt;</string>
		</dict>
		<key>8D4115B61F5905B500069FD9</key>
		<dict>
			<key>fileEncoding</key>
			<string>4</string>
			<key>isa</key>
			<string>PBXFileReference</string>
			<key>lastKnownFileType</key>
			<string>sourcecode.c.objc</string>
			<key>path</key>
			<string>MainViewController.m</string>
			<key>sourceTree</key>
			<string>&lt;group&gt;</string>
		</dict>
		<key>8D4115B71F5905B500069FD9</key>
		<dict>
			<key>fileEncoding</key>
			<string>4</string>
			<key>isa</key>
			<string>PBXFileReference</string>
			<key>lastKnownFileType</key>
			<string>sourcecode.c.h</string>
			<key>path</key>
			<string>MTSHomeViewController.h</string>
			<key>sourceTree</key>
			<string>&lt;group&gt;</string>
		</dict>
		<key>8D4115B81F5905B500069FD9</key>
		<dict>
			<key>fileEncoding</key>
			<string>4</string>
			<key>isa</key>
			<string>PBXFileReference</string>
			<key>lastKnownFileType</key>
			<string>sourcecode.c.objc</string>
			<key>path</key>
			<string>MTSHomeViewController.m</string>
			<key>sourceTree</key>
			<string>&lt;group&gt;</string>
		</dict>
		<key>8D4115B91F5905B500069FD9</key>
		<dict>
			<key>fileEncoding</key>
			<string>4</string>
			<key>isa</key>
			<string>PBXFileReference</string>
			<key>lastKnownFileType</key>
			<string>file.xib</string>
			<key>path</key>
			<string>MTSHomeViewController.xib</string>
			<key>sourceTree</key>
			<string>&lt;group&gt;</string>
		</dict>
		<key>8D4115BA1F5905B500069FD9</key>
		<dict>
			<key>children</key>
			<array>
				<string>8D4115BB1F5905B500069FD9</string>
				<string>8D4115BC1F5905B500069FD9</string>
				<string>8D4115BD1F5905B500069FD9</string>
			</array>
			<key>isa</key>
			<string>PBXGroup</string>
			<key>path</key>
			<string>Setting</string>
			<key>sourceTree</key>
			<string>&lt;group&gt;</string>
		</dict>
		<key>8D4115BB1F5905B500069FD9</key>
		<dict>
			<key>fileEncoding</key>
			<string>4</string>
			<key>isa</key>
			<string>PBXFileReference</string>
			<key>lastKnownFileType</key>
			<string>sourcecode.c.h</string>
			<key>path</key>
			<string>MSSettingViewController.h</string>
			<key>sourceTree</key>
			<string>&lt;group&gt;</string>
		</dict>
		<key>8D4115BC1F5905B500069FD9</key>
		<dict>
			<key>fileEncoding</key>
			<string>4</string>
			<key>isa</key>
			<string>PBXFileReference</string>
			<key>lastKnownFileType</key>
			<string>sourcecode.c.objc</string>
			<key>path</key>
			<string>MSSettingViewController.m</string>
			<key>sourceTree</key>
			<string>&lt;group&gt;</string>
		</dict>
		<key>8D4115BD1F5905B500069FD9</key>
		<dict>
			<key>fileEncoding</key>
			<string>4</string>
			<key>isa</key>
			<string>PBXFileReference</string>
			<key>lastKnownFileType</key>
			<string>file.xib</string>
			<key>path</key>
			<string>MSSettingViewController.xib</string>
			<key>sourceTree</key>
			<string>&lt;group&gt;</string>
		</dict>
		<key>8D4115BE1F5905B500069FD9</key>
		<dict>
			<key>children</key>
			<array>
				<string>8D4115BF1F5905B500069FD9</string>
				<string>8D4115C01F5905B500069FD9</string>
				<string>8D4115C11F5905B500069FD9</string>
			</array>
			<key>isa</key>
			<string>PBXGroup</string>
			<key>path</key>
			<string>WallpaperList</string>
			<key>sourceTree</key>
			<string>&lt;group&gt;</string>
		</dict>
		<key>8D4115BF1F5905B500069FD9</key>
		<dict>
			<key>fileEncoding</key>
			<string>4</string>
			<key>isa</key>
			<string>PBXFileReference</string>
			<key>lastKnownFileType</key>
			<string>sourcecode.c.h</string>
			<key>path</key>
			<string>WallpaperListViewController.h</string>
			<key>sourceTree</key>
			<string>&lt;group&gt;</string>
		</dict>
		<key>8D4115C01F5905B500069FD9</key>
		<dict>
			<key>fileEncoding</key>
			<string>4</string>
			<key>isa</key>
			<string>PBXFileReference</string>
			<key>lastKnownFileType</key>
			<string>sourcecode.c.objc</string>
			<key>path</key>
			<string>WallpaperListViewController.m</string>
			<key>sourceTree</key>
			<string>&lt;group&gt;</string>
		</dict>
		<key>8D4115C11F5905B500069FD9</key>
		<dict>
			<key>fileEncoding</key>
			<string>4</string>
			<key>isa</key>
			<string>PBXFileReference</string>
			<key>lastKnownFileType</key>
			<string>file.xib</string>
			<key>path</key>
			<string>WallpaperListViewController.xib</string>
			<key>sourceTree</key>
			<string>&lt;group&gt;</string>
		</dict>
		<key>8D4115C21F5905B500069FD9</key>
		<dict>
			<key>fileRef</key>
			<string>8D4115B21F5905B500069FD9</string>
			<key>isa</key>
			<string>PBXBuildFile</string>
		</dict>
		<key>8D4115C31F5905B500069FD9</key>
		<dict>
			<key>fileRef</key>
			<string>8D4115B31F5905B500069FD9</string>
			<key>isa</key>
			<string>PBXBuildFile</string>
		</dict>
		<key>8D4115C41F5905B500069FD9</key>
		<dict>
			<key>fileRef</key>
			<string>8D4115B61F5905B500069FD9</string>
			<key>isa</key>
			<string>PBXBuildFile</string>
		</dict>
		<key>8D4115C51F5905B500069FD9</key>
		<dict>
			<key>fileRef</key>
			<string>8D4115B81F5905B500069FD9</string>
			<key>isa</key>
			<string>PBXBuildFile</string>
		</dict>
		<key>8D4115C61F5905B500069FD9</key>
		<dict>
			<key>fileRef</key>
			<string>8D4115B91F5905B500069FD9</string>
			<key>isa</key>
			<string>PBXBuildFile</string>
		</dict>
		<key>8D4115C71F5905B500069FD9</key>
		<dict>
			<key>fileRef</key>
			<string>8D4115BC1F5905B500069FD9</string>
			<key>isa</key>
			<string>PBXBuildFile</string>
		</dict>
		<key>8D4115C81F5905B500069FD9</key>
		<dict>
			<key>fileRef</key>
			<string>8D4115BD1F5905B500069FD9</string>
			<key>isa</key>
			<string>PBXBuildFile</string>
		</dict>
		<key>8D4115C91F5905B500069FD9</key>
		<dict>
			<key>fileRef</key>
			<string>8D4115C01F5905B500069FD9</string>
			<key>isa</key>
			<string>PBXBuildFile</string>
		</dict>
		<key>8D4115CA1F5905B500069FD9</key>
		<dict>
			<key>fileRef</key>
			<string>8D4115C11F5905B500069FD9</string>
			<key>isa</key>
			<string>PBXBuildFile</string>
		</dict>
		<key>8D4115CB1F5905BD00069FD9</key>
		<dict>
			<key>children</key>
			<array>
				<string>8D4115CC1F5905BD00069FD9</string>
				<string>8D4115CD1F5905BD00069FD9</string>
				<string>8D4115CE1F5905BD00069FD9</string>
				<string>8D4115CF1F5905BD00069FD9</string>
				<string>8D4115D01F5905BD00069FD9</string>
				<string>8D4115D11F5905BD00069FD9</string>
			</array>
			<key>isa</key>
			<string>PBXGroup</string>
			<key>path</key>
			<string>Views</string>
			<key>sourceTree</key>
			<string>&lt;group&gt;</string>
		</dict>
		<key>8D4115CC1F5905BD00069FD9</key>
		<dict>
			<key>fileEncoding</key>
			<string>4</string>
			<key>isa</key>
			<string>PBXFileReference</string>
			<key>lastKnownFileType</key>
			<string>sourcecode.c.h</string>
			<key>path</key>
			<string>CollectionViewCell.h</string>
			<key>sourceTree</key>
			<string>&lt;group&gt;</string>
		</dict>
		<key>8D4115CD1F5905BD00069FD9</key>
		<dict>
			<key>fileEncoding</key>
			<string>4</string>
			<key>isa</key>
			<string>PBXFileReference</string>
			<key>lastKnownFileType</key>
			<string>sourcecode.c.objc</string>
			<key>path</key>
			<string>CollectionViewCell.m</string>
			<key>sourceTree</key>
			<string>&lt;group&gt;</string>
		</dict>
		<key>8D4115CE1F5905BD00069FD9</key>
		<dict>
			<key>fileEncoding</key>
			<string>4</string>
			<key>isa</key>
			<string>PBXFileReference</string>
			<key>lastKnownFileType</key>
			<string>file.xib</string>
			<key>path</key>
			<string>CollectionViewCell.xib</string>
			<key>sourceTree</key>
			<string>&lt;group&gt;</string>
		</dict>
		<key>8D4115CF1F5905BD00069FD9</key>
		<dict>
			<key>fileEncoding</key>
			<string>4</string>
			<key>isa</key>
			<string>PBXFileReference</string>
			<key>lastKnownFileType</key>
			<string>sourcecode.c.h</string>
			<key>path</key>
			<string>PicCollectionListCell.h</string>
			<key>sourceTree</key>
			<string>&lt;group&gt;</string>
		</dict>
		<key>8D4115D01F5905BD00069FD9</key>
		<dict>
			<key>fileEncoding</key>
			<string>4</string>
			<key>isa</key>
			<string>PBXFileReference</string>
			<key>lastKnownFileType</key>
			<string>sourcecode.c.objc</string>
			<key>path</key>
			<string>PicCollectionListCell.m</string>
			<key>sourceTree</key>
			<string>&lt;group&gt;</string>
		</dict>
		<key>8D4115D11F5905BD00069FD9</key>
		<dict>
			<key>fileEncoding</key>
			<string>4</string>
			<key>isa</key>
			<string>PBXFileReference</string>
			<key>lastKnownFileType</key>
			<string>file.xib</string>
			<key>path</key>
			<string>PicCollectionListCell.xib</string>
			<key>sourceTree</key>
			<string>&lt;group&gt;</string>
		</dict>
		<key>8D4115D21F5905BD00069FD9</key>
		<dict>
			<key>fileRef</key>
			<string>8D4115CD1F5905BD00069FD9</string>
			<key>isa</key>
			<string>PBXBuildFile</string>
		</dict>
		<key>8D4115D31F5905BD00069FD9</key>
		<dict>
			<key>fileRef</key>
			<string>8D4115CE1F5905BD00069FD9</string>
			<key>isa</key>
			<string>PBXBuildFile</string>
		</dict>
		<key>8D4115D41F5905BD00069FD9</key>
		<dict>
			<key>fileRef</key>
			<string>8D4115D01F5905BD00069FD9</string>
			<key>isa</key>
			<string>PBXBuildFile</string>
		</dict>
		<key>8D4115D51F5905BD00069FD9</key>
		<dict>
			<key>fileRef</key>
			<string>8D4115D11F5905BD00069FD9</string>
			<key>isa</key>
			<string>PBXBuildFile</string>
		</dict>
		<key>8D4115D61F5905C900069FD9</key>
		<dict>
			<key>children</key>
			<array>
				<string>8DD693F41F5CE8BC000996B8</string>
				<string>8D4115E71F5932CF00069FD9</string>
			</array>
			<key>isa</key>
			<string>PBXGroup</string>
			<key>path</key>
			<string>Models</string>
			<key>sourceTree</key>
			<string>&lt;group&gt;</string>
		</dict>
		<key>8D4115DA1F59097E00069FD9</key>
		<dict>
			<key>children</key>
			<array>
				<string>8D4115DB1F5909E000069FD9</string>
				<string>8D4115DC1F5909E000069FD9</string>
			</array>
			<key>isa</key>
			<string>PBXGroup</string>
			<key>path</key>
			<string>Networking</string>
			<key>sourceTree</key>
			<string>&lt;group&gt;</string>
		</dict>
		<key>8D4115DB1F5909E000069FD9</key>
		<dict>
			<key>fileEncoding</key>
			<string>4</string>
			<key>isa</key>
			<string>PBXFileReference</string>
			<key>lastKnownFileType</key>
			<string>sourcecode.c.h</string>
			<key>path</key>
			<string>MSNetworkAPIManager.h</string>
			<key>sourceTree</key>
			<string>&lt;group&gt;</string>
		</dict>
		<key>8D4115DC1F5909E000069FD9</key>
		<dict>
			<key>fileEncoding</key>
			<string>4</string>
			<key>isa</key>
			<string>PBXFileReference</string>
			<key>lastKnownFileType</key>
			<string>sourcecode.c.objc</string>
			<key>path</key>
			<string>MSNetworkAPIManager.m</string>
			<key>sourceTree</key>
			<string>&lt;group&gt;</string>
		</dict>
		<key>8D4115DD1F5909E000069FD9</key>
		<dict>
			<key>fileRef</key>
			<string>8D4115DC1F5909E000069FD9</string>
			<key>isa</key>
			<string>PBXBuildFile</string>
		</dict>
		<key>8D4115DE1F5931A500069FD9</key>
		<dict>
			<key>fileEncoding</key>
			<string>4</string>
			<key>isa</key>
			<string>PBXFileReference</string>
			<key>lastKnownFileType</key>
			<string>sourcecode.c.h</string>
			<key>path</key>
			<string>MSWallpaperData.h</string>
			<key>sourceTree</key>
			<string>&lt;group&gt;</string>
		</dict>
		<key>8D4115DF1F5931A500069FD9</key>
		<dict>
			<key>fileEncoding</key>
			<string>4</string>
			<key>isa</key>
			<string>PBXFileReference</string>
			<key>lastKnownFileType</key>
			<string>sourcecode.c.objc</string>
			<key>path</key>
			<string>MSWallpaperData.m</string>
			<key>sourceTree</key>
			<string>&lt;group&gt;</string>
		</dict>
		<key>8D4115E01F5931A500069FD9</key>
		<dict>
			<key>fileRef</key>
			<string>8D4115DF1F5931A500069FD9</string>
			<key>isa</key>
			<string>PBXBuildFile</string>
		</dict>
		<key>8D4115E11F59324A00069FD9</key>
		<dict>
			<key>fileEncoding</key>
			<string>4</string>
			<key>isa</key>
			<string>PBXFileReference</string>
			<key>lastKnownFileType</key>
			<string>sourcecode.c.h</string>
			<key>path</key>
			<string>MSUserData.h</string>
			<key>sourceTree</key>
			<string>&lt;group&gt;</string>
		</dict>
		<key>8D4115E21F59324A00069FD9</key>
		<dict>
			<key>fileEncoding</key>
			<string>4</string>
			<key>isa</key>
			<string>PBXFileReference</string>
			<key>lastKnownFileType</key>
			<string>sourcecode.c.objc</string>
			<key>path</key>
			<string>MSUserData.m</string>
			<key>sourceTree</key>
			<string>&lt;group&gt;</string>
		</dict>
		<key>8D4115E31F59324A00069FD9</key>
		<dict>
			<key>fileRef</key>
			<string>8D4115E21F59324A00069FD9</string>
			<key>isa</key>
			<string>PBXBuildFile</string>
		</dict>
		<key>8D4115E71F5932CF00069FD9</key>
		<dict>
			<key>children</key>
			<array>
				<string>8D4115DE1F5931A500069FD9</string>
				<string>8D4115DF1F5931A500069FD9</string>
				<string>8D4115E11F59324A00069FD9</string>
				<string>8D4115E21F59324A00069FD9</string>
			</array>
			<key>isa</key>
			<string>PBXGroup</string>
			<key>name</key>
			<string>Wallpaper</string>
			<key>sourceTree</key>
			<string>&lt;group&gt;</string>
		</dict>
		<key>8D4115EE1F59579E00069FD9</key>
		<dict>
			<key>isa</key>
			<string>PBXFileReference</string>
			<key>lastKnownFileType</key>
			<string>wrapper.framework</string>
			<key>name</key>
			<string>MobileCoreServices.framework</string>
			<key>path</key>
			<string>System/Library/Frameworks/MobileCoreServices.framework</string>
			<key>sourceTree</key>
			<string>SDKROOT</string>
		</dict>
		<key>8D4115EF1F59579E00069FD9</key>
		<dict>
			<key>fileRef</key>
			<string>8D4115EE1F59579E00069FD9</string>
			<key>isa</key>
			<string>PBXBuildFile</string>
		</dict>
		<key>8D8F9F8B1F5D06A000D07450</key>
		<dict>
			<key>children</key>
			<array>
				<string>8D8F9F8C1F5D06A000D07450</string>
				<string>8D8F9F8D1F5D06A000D07450</string>
				<string>8D8F9F8E1F5D06A000D07450</string>
				<string>8D8F9F8F1F5D06A000D07450</string>
				<string>8D8F9F901F5D06A000D07450</string>
				<string>8D8F9F911F5D06A000D07450</string>
				<string>8D8F9F921F5D06A000D07450</string>
				<string>8D8F9F931F5D06A000D07450</string>
				<string>8D8F9F941F5D06A000D07450</string>
				<string>8D8F9F951F5D06A000D07450</string>
			</array>
			<key>isa</key>
			<string>PBXGroup</string>
			<key>path</key>
			<string>SVProgressHUD</string>
			<key>sourceTree</key>
			<string>&lt;group&gt;</string>
		</dict>
		<key>8D8F9F8C1F5D06A000D07450</key>
		<dict>
			<key>fileEncoding</key>
			<string>4</string>
			<key>isa</key>
			<string>PBXFileReference</string>
			<key>lastKnownFileType</key>
			<string>sourcecode.c.h</string>
			<key>path</key>
			<string>SVIndefiniteAnimatedView.h</string>
			<key>sourceTree</key>
			<string>&lt;group&gt;</string>
		</dict>
		<key>8D8F9F8D1F5D06A000D07450</key>
		<dict>
			<key>fileEncoding</key>
			<string>4</string>
			<key>isa</key>
			<string>PBXFileReference</string>
			<key>lastKnownFileType</key>
			<string>sourcecode.c.objc</string>
			<key>path</key>
			<string>SVIndefiniteAnimatedView.m</string>
			<key>sourceTree</key>
			<string>&lt;group&gt;</string>
		</dict>
		<key>8D8F9F8E1F5D06A000D07450</key>
		<dict>
			<key>fileEncoding</key>
			<string>4</string>
			<key>isa</key>
			<string>PBXFileReference</string>
			<key>lastKnownFileType</key>
			<string>sourcecode.c.h</string>
			<key>path</key>
			<string>SVProgressAnimatedView.h</string>
			<key>sourceTree</key>
			<string>&lt;group&gt;</string>
		</dict>
		<key>8D8F9F8F1F5D06A000D07450</key>
		<dict>
			<key>fileEncoding</key>
			<string>4</string>
			<key>isa</key>
			<string>PBXFileReference</string>
			<key>lastKnownFileType</key>
			<string>sourcecode.c.objc</string>
			<key>path</key>
			<string>SVProgressAnimatedView.m</string>
			<key>sourceTree</key>
			<string>&lt;group&gt;</string>
		</dict>
		<key>8D8F9F901F5D06A000D07450</key>
		<dict>
			<key>fileEncoding</key>
			<string>4</string>
			<key>isa</key>
			<string>PBXFileReference</string>
			<key>lastKnownFileType</key>
			<string>sourcecode.c.h</string>
			<key>path</key>
			<string>SVProgressHUD-Prefix.pch</string>
			<key>sourceTree</key>
			<string>&lt;group&gt;</string>
		</dict>
		<key>8D8F9F911F5D06A000D07450</key>
		<dict>
			<key>isa</key>
			<string>PBXFileReference</string>
			<key>lastKnownFileType</key>
			<string>wrapper.plug-in</string>
			<key>path</key>
			<string>SVProgressHUD.bundle</string>
			<key>sourceTree</key>
			<string>&lt;group&gt;</string>
		</dict>
		<key>8D8F9F921F5D06A000D07450</key>
		<dict>
			<key>fileEncoding</key>
			<string>4</string>
			<key>isa</key>
			<string>PBXFileReference</string>
			<key>lastKnownFileType</key>
			<string>sourcecode.c.h</string>
			<key>path</key>
			<string>SVProgressHUD.h</string>
			<key>sourceTree</key>
			<string>&lt;group&gt;</string>
		</dict>
		<key>8D8F9F931F5D06A000D07450</key>
		<dict>
			<key>fileEncoding</key>
			<string>4</string>
			<key>isa</key>
			<string>PBXFileReference</string>
			<key>lastKnownFileType</key>
			<string>sourcecode.c.objc</string>
			<key>path</key>
			<string>SVProgressHUD.m</string>
			<key>sourceTree</key>
			<string>&lt;group&gt;</string>
		</dict>
		<key>8D8F9F941F5D06A000D07450</key>
		<dict>
			<key>fileEncoding</key>
			<string>4</string>
			<key>isa</key>
			<string>PBXFileReference</string>
			<key>lastKnownFileType</key>
			<string>sourcecode.c.h</string>
			<key>path</key>
			<string>SVRadialGradientLayer.h</string>
			<key>sourceTree</key>
			<string>&lt;group&gt;</string>
		</dict>
		<key>8D8F9F951F5D06A000D07450</key>
		<dict>
			<key>fileEncoding</key>
			<string>4</string>
			<key>isa</key>
			<string>PBXFileReference</string>
			<key>lastKnownFileType</key>
			<string>sourcecode.c.objc</string>
			<key>path</key>
			<string>SVRadialGradientLayer.m</string>
			<key>sourceTree</key>
			<string>&lt;group&gt;</string>
		</dict>
		<key>8D8F9F961F5D06A000D07450</key>
		<dict>
			<key>fileRef</key>
			<string>8D8F9F8D1F5D06A000D07450</string>
			<key>isa</key>
			<string>PBXBuildFile</string>
		</dict>
		<key>8D8F9F971F5D06A000D07450</key>
		<dict>
			<key>fileRef</key>
			<string>8D8F9F8F1F5D06A000D07450</string>
			<key>isa</key>
			<string>PBXBuildFile</string>
		</dict>
		<key>8D8F9F981F5D06A000D07450</key>
		<dict>
			<key>fileRef</key>
			<string>8D8F9F911F5D06A000D07450</string>
			<key>isa</key>
			<string>PBXBuildFile</string>
		</dict>
		<key>8D8F9F991F5D06A000D07450</key>
		<dict>
			<key>fileRef</key>
			<string>8D8F9F931F5D06A000D07450</string>
			<key>isa</key>
			<string>PBXBuildFile</string>
		</dict>
		<key>8D8F9F9A1F5D06A000D07450</key>
		<dict>
			<key>fileRef</key>
			<string>8D8F9F951F5D06A000D07450</string>
			<key>isa</key>
			<string>PBXBuildFile</string>
		</dict>
		<key>8D8F9F9B1F5D06E400D07450</key>
		<dict>
			<key>isa</key>
			<string>PBXFileReference</string>
			<key>lastKnownFileType</key>
			<string>wrapper.framework</string>
			<key>name</key>
			<string>QuartzCore.framework</string>
			<key>path</key>
			<string>System/Library/Frameworks/QuartzCore.framework</string>
			<key>sourceTree</key>
			<string>SDKROOT</string>
		</dict>
		<key>8D8F9F9C1F5D06E400D07450</key>
		<dict>
			<key>fileRef</key>
			<string>8D8F9F9B1F5D06E400D07450</string>
			<key>isa</key>
			<string>PBXBuildFile</string>
		</dict>
		<key>8DD693F41F5CE8BC000996B8</key>
		<dict>
			<key>children</key>
			<array>
				<string>8DD693F51F5CE8E2000996B8</string>
				<string>8DD693F61F5CE8E2000996B8</string>
			</array>
			<key>isa</key>
			<string>PBXGroup</string>
			<key>name</key>
			<string>Collection</string>
			<key>sourceTree</key>
			<string>&lt;group&gt;</string>
		</dict>
		<key>8DD693F51F5CE8E2000996B8</key>
		<dict>
			<key>fileEncoding</key>
			<string>4</string>
			<key>isa</key>
			<string>PBXFileReference</string>
			<key>lastKnownFileType</key>
			<string>sourcecode.c.h</string>
			<key>path</key>
			<string>MSWallpaperCollectionData.h</string>
			<key>sourceTree</key>
			<string>&lt;group&gt;</string>
		</dict>
		<key>8DD693F61F5CE8E2000996B8</key>
		<dict>
			<key>fileEncoding</key>
			<string>4</string>
			<key>isa</key>
			<string>PBXFileReference</string>
			<key>lastKnownFileType</key>
			<string>sourcecode.c.objc</string>
			<key>path</key>
			<string>MSWallpaperCollectionData.m</string>
			<key>sourceTree</key>
			<string>&lt;group&gt;</string>
		</dict>
		<key>8DD693F71F5CE8E2000996B8</key>
		<dict>
			<key>fileRef</key>
			<string>8DD693F61F5CE8E2000996B8</string>
			<key>isa</key>
			<string>PBXBuildFile</string>
		</dict>
		<key>A1394EE79E46C92065F6EAEA</key>
		<dict>
			<key>buildActionMask</key>
			<string>2147483647</string>
			<key>files</key>
			<array/>
			<key>inputPaths</key>
			<array/>
			<key>isa</key>
			<string>PBXShellScriptBuildPhase</string>
			<key>name</key>
			<string>[CP] Copy Pods Resources</string>
			<key>outputPaths</key>
			<array/>
			<key>runOnlyForDeploymentPostprocessing</key>
			<string>0</string>
			<key>shellPath</key>
			<string>/bin/sh</string>
			<key>shellScript</key>
			<string>"${SRCROOT}/Pods/Target Support Files/Pods-AppTemplate/Pods-AppTemplate-resources.sh"
</string>
			<key>showEnvVarsInLog</key>
			<string>0</string>
		</dict>
		<key>A3007A298E7CC4B86A246C14</key>
		<dict>
			<key>includeInIndex</key>
			<string>1</string>
			<key>isa</key>
			<string>PBXFileReference</string>
			<key>lastKnownFileType</key>
			<string>text.xcconfig</string>
			<key>name</key>
			<string>Pods-AppTemplateUITests.release.xcconfig</string>
			<key>path</key>
			<string>Pods/Target Support Files/Pods-AppTemplateUITests/Pods-AppTemplateUITests.release.xcconfig</string>
			<key>sourceTree</key>
			<string>&lt;group&gt;</string>
		</dict>
		<key>A6FDEC12745538714737DFC4</key>
		<dict>
			<key>buildActionMask</key>
			<string>2147483647</string>
			<key>files</key>
			<array/>
			<key>inputPaths</key>
			<array/>
			<key>isa</key>
			<string>PBXShellScriptBuildPhase</string>
			<key>name</key>
			<string>[CP] Copy Pods Resources</string>
			<key>outputPaths</key>
			<array/>
			<key>runOnlyForDeploymentPostprocessing</key>
			<string>0</string>
			<key>shellPath</key>
			<string>/bin/sh</string>
			<key>shellScript</key>
			<string>"${SRCROOT}/Pods/Target Support Files/Pods-AppTemplateUITests/Pods-AppTemplateUITests-resources.sh"
</string>
			<key>showEnvVarsInLog</key>
			<string>0</string>
		</dict>
		<key>A8A741E8C25E82B535A60E78</key>
		<dict>
			<key>fileRef</key>
			<string>4941E7499295362E5205E783</string>
			<key>isa</key>
			<string>PBXBuildFile</string>
		</dict>
		<key>B0E026F3DED362E87652F2A7</key>
		<dict>
			<key>includeInIndex</key>
			<string>1</string>
			<key>isa</key>
			<string>PBXFileReference</string>
			<key>lastKnownFileType</key>
			<string>text.xcconfig</string>
			<key>name</key>
			<string>Pods-AppTemplateUITests.debug.xcconfig</string>
			<key>path</key>
			<string>Pods/Target Support Files/Pods-AppTemplateUITests/Pods-AppTemplateUITests.debug.xcconfig</string>
			<key>sourceTree</key>
			<string>&lt;group&gt;</string>
		</dict>
		<key>B0FFA25ABEE2B1367C412E9C</key>
		<dict>
			<key>buildActionMask</key>
			<string>2147483647</string>
			<key>files</key>
			<array/>
			<key>inputPaths</key>
			<array/>
			<key>isa</key>
			<string>PBXShellScriptBuildPhase</string>
			<key>name</key>
			<string>[CP] Embed Pods Frameworks</string>
			<key>outputPaths</key>
			<array/>
			<key>runOnlyForDeploymentPostprocessing</key>
			<string>0</string>
			<key>shellPath</key>
			<string>/bin/sh</string>
			<key>shellScript</key>
			<string>"${SRCROOT}/Pods/Target Support Files/Pods-AppTemplate/Pods-AppTemplate-frameworks.sh"
</string>
			<key>showEnvVarsInLog</key>
			<string>0</string>
		</dict>
		<key>B700308DE2520416149AC412</key>
		<dict>
			<key>buildActionMask</key>
			<string>2147483647</string>
			<key>files</key>
			<array/>
			<key>inputPaths</key>
			<array/>
			<key>isa</key>
			<string>PBXShellScriptBuildPhase</string>
			<key>name</key>
			<string>[CP] Embed Pods Frameworks</string>
			<key>outputPaths</key>
			<array/>
			<key>runOnlyForDeploymentPostprocessing</key>
			<string>0</string>
			<key>shellPath</key>
			<string>/bin/sh</string>
			<key>shellScript</key>
			<string>"${SRCROOT}/Pods/Target Support Files/Pods-AppTemplateUITests/Pods-AppTemplateUITests-frameworks.sh"
</string>
			<key>showEnvVarsInLog</key>
			<string>0</string>
		</dict>
		<key>BEBB9EF5D703DDD5136FF3CE</key>
		<dict>
			<key>explicitFileType</key>
			<string>archive.ar</string>
			<key>includeInIndex</key>
			<string>0</string>
			<key>isa</key>
			<string>PBXFileReference</string>
			<key>path</key>
			<string>libPods-AppTemplateTests.a</string>
			<key>sourceTree</key>
			<string>BUILT_PRODUCTS_DIR</string>
		</dict>
		<key>CA55440556BBB11F27B88A86</key>
		<dict>
			<key>children</key>
			<array>
				<string>8D8F9F9B1F5D06E400D07450</string>
				<string>8D4115EE1F59579E00069FD9</string>
				<string>4D8A317DABCFDDAC5D8441AB</string>
				<string>BEBB9EF5D703DDD5136FF3CE</string>
				<string>4941E7499295362E5205E783</string>
			</array>
			<key>isa</key>
			<string>PBXGroup</string>
			<key>name</key>
			<string>Frameworks</string>
			<key>sourceTree</key>
			<string>&lt;group&gt;</string>
		</dict>
		<key>D457AFD52E42B25C0FA0D391</key>
		<dict>
			<key>children</key>
			<array>
				<string>326FBDE6F0D9FCD2D4D4E83F</string>
				<string>52EE46CF075FE7B30045567C</string>
				<string>1C614010AD66261DCA3E5679</string>
				<string>106ACE2A727900C86756AD70</string>
				<string>B0E026F3DED362E87652F2A7</string>
				<string>A3007A298E7CC4B86A246C14</string>
			</array>
			<key>isa</key>
			<string>PBXGroup</string>
			<key>name</key>
			<string>Pods</string>
			<key>sourceTree</key>
			<string>&lt;group&gt;</string>
		</dict>
		<key>D6895C4C0705B6E22EBA6422</key>
		<dict>
			<key>buildActionMask</key>
			<string>2147483647</string>
			<key>files</key>
			<array/>
			<key>inputPaths</key>
			<array/>
			<key>isa</key>
			<string>PBXShellScriptBuildPhase</string>
			<key>name</key>
			<string>[CP] Check Pods Manifest.lock</string>
			<key>outputPaths</key>
			<array/>
			<key>runOnlyForDeploymentPostprocessing</key>
			<string>0</string>
			<key>shellPath</key>
			<string>/bin/sh</string>
			<key>shellScript</key>
			<string>diff "${PODS_ROOT}/../Podfile.lock" "${PODS_ROOT}/Manifest.lock" &gt; /dev/null
if [[ $? != 0 ]] ; then
    cat &lt;&lt; EOM
error: The sandbox is not in sync with the Podfile.lock. Run 'pod install' or update your CocoaPods installation.
EOM
    exit 1
fi
</string>
			<key>showEnvVarsInLog</key>
			<string>0</string>
		</dict>
		<key>F5F2169F50C358AE8BE9087D</key>
		<dict>
			<key>buildActionMask</key>
			<string>2147483647</string>
			<key>files</key>
			<array/>
			<key>inputPaths</key>
			<array/>
			<key>isa</key>
			<string>PBXShellScriptBuildPhase</string>
			<key>name</key>
			<string>[CP] Embed Pods Frameworks</string>
			<key>outputPaths</key>
			<array/>
			<key>runOnlyForDeploymentPostprocessing</key>
			<string>0</string>
			<key>shellPath</key>
			<string>/bin/sh</string>
			<key>shellScript</key>
			<string>"${SRCROOT}/Pods/Target Support Files/Pods-AppTemplateTests/Pods-AppTemplateTests-frameworks.sh"
</string>
			<key>showEnvVarsInLog</key>
			<string>0</string>
		</dict>
	</dict>
	<key>rootObject</key>
	<string>72E8580A1E7EC735001EBB8B</string>
</dict>
</plist>
